PODS:
  - Alamofire (3.3.1)
  - AlamofireImage (2.4.0):
    - Alamofire (~> 3.3)
  - ConsistencyManager (2.0.0)
  - PINCache (2.3)
  - RocketData (1.1.0):
    - ConsistencyManager (~> 2.0.0)
  - SwiftyJSON (2.3.2)

DEPENDENCIES:
  - Alamofire
  - AlamofireImage
  - PINCache
  - RocketData
  - SwiftyJSON

SPEC CHECKSUMS:
  Alamofire: 369bc67b6f5ac33ded3648d7bd21c5bfb91c2ecc
  AlamofireImage: 87408b652e0f5ae5fe364035f15aea8b9b24c77e
  ConsistencyManager: 4a1f6f20628befc25ed3393444c7c18ae64149a4
  PINCache: ce36ed282031b92fc7733ffe831f474ff80fddc2
  RocketData: 14468b0622e63ed0cf7cd187f95bf769e2763485
  SwiftyJSON: 04ccea08915aa0109039157c7974cf0298da292a

PODFILE CHECKSUM: 45cea7870f3e9076e67e8401bf54eaae1a4e75f6

COCOAPODS: 1.0.1
