PODS:
  - Realm:
    - Realm/Headers
  - Realm/Headers

DEPENDENCIES:
  - Realm (from `https://github.com/realm/realm-cocoa.git`, commit `a035a47`)

EXTERNAL SOURCES:
  Realm:
    :commit: a035a47
    :git: https://github.com/realm/realm-cocoa.git

SPEC CHECKSUMS:
  Realm: e618caeba3cfa2ca44b243be1367ea551a403658

COCOAPODS: 0.34.1
