// !$*UTF8*$!
{
	archiveVersion = 1;
	classes = {
	};
	objectVersion = 46;
	objects = {

/* Begin PBXBuildFile section */
		590C6EB6ECEE12594A815ED5 /* Pods.framework in Frameworks */ = {isa = PBXBuildFile; fileRef = 2BC32A4062714B26F6F63153 /* Pods.framework */; settings = {ATTRIBUTES = (Weak, ); }; };
		BA042C251A90A10000D83B81 /* CoreRecord.framework in Frameworks */ = {isa = PBXBuildFile; fileRef = BA042C241A90A10000D83B81 /* CoreRecord.framework */; };
		BA042C261A90A10000D83B81 /* CoreRecord.framework in Embed Frameworks */ = {isa = PBXBuildFile; fileRef = BA042C241A90A10000D83B81 /* CoreRecord.framework */; settings = {ATTRIBUTES = (CodeSignOnCopy, RemoveHeadersOnCopy, ); }; };
		BA061D8C1B1948CE00CEAFDB /* Alamofire.framework in Frameworks */ = {isa = PBXBuildFile; fileRef = BA061D891B1948CE00CEAFDB /* Alamofire.framework */; };
		BA061D8D1B1948CE00CEAFDB /* Cartography.framework in Frameworks */ = {isa = PBXBuildFile; fileRef = BA061D8A1B1948CE00CEAFDB /* Cartography.framework */; };
		BA061D8E1B1948CE00CEAFDB /* Haneke.framework in Frameworks */ = {isa = PBXBuildFile; fileRef = BA061D8B1B1948CE00CEAFDB /* Haneke.framework */; };
		BA061D901B1948E200CEAFDB /* Alamofire.framework in Embed Frameworks */ = {isa = PBXBuildFile; fileRef = BA061D891B1948CE00CEAFDB /* Alamofire.framework */; settings = {ATTRIBUTES = (CodeSignOnCopy, RemoveHeadersOnCopy, ); }; };
		BA061D921B1948E200CEAFDB /* Cartography.framework in Embed Frameworks */ = {isa = PBXBuildFile; fileRef = BA061D8A1B1948CE00CEAFDB /* Cartography.framework */; settings = {ATTRIBUTES = (CodeSignOnCopy, RemoveHeadersOnCopy, ); }; };
		BA061D941B1948E200CEAFDB /* Haneke.framework in Embed Frameworks */ = {isa = PBXBuildFile; fileRef = BA061D8B1B1948CE00CEAFDB /* Haneke.framework */; settings = {ATTRIBUTES = (CodeSignOnCopy, RemoveHeadersOnCopy, ); }; };
		BA137C7E1A7199AA001F8FCF /* Crashlytics.framework in Frameworks */ = {isa = PBXBuildFile; fileRef = BA137C7C1A7199AA001F8FCF /* Crashlytics.framework */; };
		BA137C7F1A7199AA001F8FCF /* Fabric.framework in Frameworks */ = {isa = PBXBuildFile; fileRef = BA137C7D1A7199AA001F8FCF /* Fabric.framework */; };
		BA1835511AA4FC5500D6A0BE /* ClipsViewController.swift in Sources */ = {isa = PBXBuildFile; fileRef = BA1835501AA4FC5500D6A0BE /* ClipsViewController.swift */; };
		BA1835531AA51C1D00D6A0BE /* PlayerView.swift in Sources */ = {isa = PBXBuildFile; fileRef = BA1835521AA51C1D00D6A0BE /* PlayerView.swift */; };
		BA1835551AA51F8500D6A0BE /* ClipPlayer.swift in Sources */ = {isa = PBXBuildFile; fileRef = BA1835541AA51F8500D6A0BE /* ClipPlayer.swift */; };
		BA20CCEE1A9D156C00D96A31 /* UploadQueue.swift in Sources */ = {isa = PBXBuildFile; fileRef = BA20CCED1A9D156C00D96A31 /* UploadQueue.swift */; };
		BA2ABF441AE9917D00BD0861 /* ProfileViewController.swift in Sources */ = {isa = PBXBuildFile; fileRef = BA2ABF431AE9917D00BD0861 /* ProfileViewController.swift */; };
		BA2ABF461AE9940200BD0861 /* ProfileClipsViewController.swift in Sources */ = {isa = PBXBuildFile; fileRef = BA2ABF451AE9940200BD0861 /* ProfileClipsViewController.swift */; };
		BA32C7921A3286250052F4CA /* UIColor+Snowball.swift in Sources */ = {isa = PBXBuildFile; fileRef = BA32C7911A3286250052F4CA /* UIColor+Snowball.swift */; };
		BA32C7951A3287BE0052F4CA /* UserAvatarImageView.swift in Sources */ = {isa = PBXBuildFile; fileRef = BA32C7941A3287BE0052F4CA /* UserAvatarImageView.swift */; };
		BA372D141A880C58004E58E9 /* TextFieldTableViewCell.swift in Sources */ = {isa = PBXBuildFile; fileRef = BA372D131A880C58004E58E9 /* TextFieldTableViewCell.swift */; };
		BA38C15E1A30228700A2F2AE /* AppDelegate.swift in Sources */ = {isa = PBXBuildFile; fileRef = BA38C15D1A30228700A2F2AE /* AppDelegate.swift */; };
		BA38C1611A30228700A2F2AE /* Snowball.xcdatamodeld in Sources */ = {isa = PBXBuildFile; fileRef = BA38C15F1A30228700A2F2AE /* Snowball.xcdatamodeld */; };
		BA38C1681A30228700A2F2AE /* Images.xcassets in Resources */ = {isa = PBXBuildFile; fileRef = BA38C1671A30228700A2F2AE /* Images.xcassets */; };
		BA38C16B1A30228700A2F2AE /* LaunchScreen.xib in Resources */ = {isa = PBXBuildFile; fileRef = BA38C1691A30228700A2F2AE /* LaunchScreen.xib */; };
		BA38C1771A30228700A2F2AE /* SnowballTests.swift in Sources */ = {isa = PBXBuildFile; fileRef = BA38C1761A30228700A2F2AE /* SnowballTests.swift */; };
		BA3A28701A3051E300A85C29 /* Util.swift in Sources */ = {isa = PBXBuildFile; fileRef = BA3A286F1A3051E300A85C29 /* Util.swift */; };
		BA3A28771A305AF600A85C29 /* ClipCollectionViewCell.swift in Sources */ = {isa = PBXBuildFile; fileRef = BA3A28761A305AF600A85C29 /* ClipCollectionViewCell.swift */; };
		BA3DB8221A9EEA8B00378F6D /* UIViewController+NavigationTransition.swift in Sources */ = {isa = PBXBuildFile; fileRef = BA3DB8211A9EEA8B00378F6D /* UIViewController+NavigationTransition.swift */; };
		BA3DB8241A9EEEFD00378F6D /* SnowballRoundedButton.swift in Sources */ = {isa = PBXBuildFile; fileRef = BA3DB8231A9EEEFD00378F6D /* SnowballRoundedButton.swift */; };
		BA3DB8261A9EFD9A00378F6D /* SnowballRoundedTextField.swift in Sources */ = {isa = PBXBuildFile; fileRef = BA3DB8251A9EFD9A00378F6D /* SnowballRoundedTextField.swift */; };
		BA44E4541A9C0B7700B75DF3 /* WebViewController.swift in Sources */ = {isa = PBXBuildFile; fileRef = BA44E4531A9C0B7700B75DF3 /* WebViewController.swift */; };
		BA44E4561A9C0CF000B75DF3 /* PrivacyPolicyViewController.swift in Sources */ = {isa = PBXBuildFile; fileRef = BA44E4551A9C0CF000B75DF3 /* PrivacyPolicyViewController.swift */; };
		BA44E4581A9C0EC600B75DF3 /* TermsViewController.swift in Sources */ = {isa = PBXBuildFile; fileRef = BA44E4571A9C0EC600B75DF3 /* TermsViewController.swift */; };
		BA4BD7201AA2D6820057380C /* ClipPreloadQueue.swift in Sources */ = {isa = PBXBuildFile; fileRef = BA4BD71F1AA2D6820057380C /* ClipPreloadQueue.swift */; };
		BA4BD7221AA2E1F00057380C /* Cache.swift in Sources */ = {isa = PBXBuildFile; fileRef = BA4BD7211AA2E1F00057380C /* Cache.swift */; };
		BA6314D11A97C8B100021E3F /* OnboardingViewController.swift in Sources */ = {isa = PBXBuildFile; fileRef = BA6314D01A97C8B100021E3F /* OnboardingViewController.swift */; };
		BA6385E31A65ACAF00B002D9 /* WelcomeViewController.swift in Sources */ = {isa = PBXBuildFile; fileRef = BA6385E21A65ACAF00B002D9 /* WelcomeViewController.swift */; };
		BA7C0E401A65BF56001B3B4C /* UIFont+Snowball.swift in Sources */ = {isa = PBXBuildFile; fileRef = BA7C0E3F1A65BF56001B3B4C /* UIFont+Snowball.swift */; };
		BA7C0E481A65C315001B3B4C /* UIButton+Snowball.swift in Sources */ = {isa = PBXBuildFile; fileRef = BA7C0E471A65C315001B3B4C /* UIButton+Snowball.swift */; };
		BA7C0E4A1A65EF94001B3B4C /* UITextField+Snowball.swift in Sources */ = {isa = PBXBuildFile; fileRef = BA7C0E491A65EF94001B3B4C /* UITextField+Snowball.swift */; };
		BA7C27C61A37A28F00A9CFC5 /* Router.swift in Sources */ = {isa = PBXBuildFile; fileRef = BA7C27C51A37A28F00A9CFC5 /* Router.swift */; };
		BA7C27CB1A37A64400A9CFC5 /* API.swift in Sources */ = {isa = PBXBuildFile; fileRef = BA7C27CA1A37A64400A9CFC5 /* API.swift */; };
		BA7C27D31A37ADA600A9CFC5 /* RemoteObject.swift in Sources */ = {isa = PBXBuildFile; fileRef = BA7C27D21A37ADA600A9CFC5 /* RemoteObject.swift */; };
		BA87C1481A840C0400A58E64 /* Swifter.framework in Frameworks */ = {isa = PBXBuildFile; fileRef = BAC90F3A1A8343C5005C9405 /* Swifter.framework */; };
		BA87C1491A840C0400A58E64 /* Swifter.framework in Embed Frameworks */ = {isa = PBXBuildFile; fileRef = BAC90F3A1A8343C5005C9405 /* Swifter.framework */; settings = {ATTRIBUTES = (CodeSignOnCopy, RemoveHeadersOnCopy, ); }; };
		BA8812EB1A783CD600B50651 /* UserTableViewCell.swift in Sources */ = {isa = PBXBuildFile; fileRef = BA8812EA1A783CD600B50651 /* UserTableViewCell.swift */; };
		BA938A011A7B06C600857CF7 /* NSError+Print.swift in Sources */ = {isa = PBXBuildFile; fileRef = BA938A001A7B06C600857CF7 /* NSError+Print.swift */; };
		BA97DE591B4DC9B2005DF812 /* UIViewController+Shake.swift in Sources */ = {isa = PBXBuildFile; fileRef = BA97DE581B4DC9B2005DF812 /* UIViewController+Shake.swift */; };
		BA989AD31B508D5A0029B674 /* OnboardingConnectViewController.swift in Sources */ = {isa = PBXBuildFile; fileRef = BA989AD21B508D5A0029B674 /* OnboardingConnectViewController.swift */; };
		BA989AD51B508DDB0029B674 /* OnboardingIntroViewController.swift in Sources */ = {isa = PBXBuildFile; fileRef = BA989AD41B508DDB0029B674 /* OnboardingIntroViewController.swift */; };
		BA9AA67C1A67465F002C4992 /* AuthenticationNavigationController.swift in Sources */ = {isa = PBXBuildFile; fileRef = BA9AA67B1A67465F002C4992 /* AuthenticationNavigationController.swift */; };
		BA9AA6831A674804002C4992 /* MainNavigationController.swift in Sources */ = {isa = PBXBuildFile; fileRef = BA9AA6821A674804002C4992 /* MainNavigationController.swift */; };
		BA9C8E801AAB779200CF05AB /* FormTableViewController.swift in Sources */ = {isa = PBXBuildFile; fileRef = BA9C8E7F1AAB779200CF05AB /* FormTableViewController.swift */; };
		BA9C8E821AAB7EFC00CF05AB /* SignUpViewController.swift in Sources */ = {isa = PBXBuildFile; fileRef = BA9C8E811AAB7EFC00CF05AB /* SignUpViewController.swift */; };
		BA9C8E841AAB7F0400CF05AB /* SignInViewController.swift in Sources */ = {isa = PBXBuildFile; fileRef = BA9C8E831AAB7F0400CF05AB /* SignInViewController.swift */; };
		BAA6375A1B180181000F3359 /* PushManager.swift in Sources */ = {isa = PBXBuildFile; fileRef = BAA637591B180181000F3359 /* PushManager.swift */; };
		BAA8C0801A32F8F300AAB9F4 /* User.swift in Sources */ = {isa = PBXBuildFile; fileRef = BAA8C07F1A32F8F300AAB9F4 /* User.swift */; };
		BAA966BD1A87FEEC0032752F /* FindFriendsViewController.swift in Sources */ = {isa = PBXBuildFile; fileRef = BAA966BC1A87FEEC0032752F /* FindFriendsViewController.swift */; };
		BAB1A3261AA0C9F400C2FB49 /* UITableView+RefreshControl.swift in Sources */ = {isa = PBXBuildFile; fileRef = BAB1A3251AA0C9F400C2FB49 /* UITableView+RefreshControl.swift */; };
		BAB8F2C81A830F5500937407 /* FriendsViewController.swift in Sources */ = {isa = PBXBuildFile; fileRef = BAB8F2C71A830F5500937407 /* FriendsViewController.swift */; };
		BABE8FCD1A8957D600B81DD1 /* Clip.swift in Sources */ = {isa = PBXBuildFile; fileRef = BABE8FCC1A8957D600B81DD1 /* Clip.swift */; };
		BAC8CD3A1A6607550075B503 /* AuthenticationViewController.swift in Sources */ = {isa = PBXBuildFile; fileRef = BAC8CD391A6607550075B503 /* AuthenticationViewController.swift */; };
		BACA7A861A36E40900C34B6C /* NSDate+TimeSince.swift in Sources */ = {isa = PBXBuildFile; fileRef = BACA7A851A36E40900C34B6C /* NSDate+TimeSince.swift */; };
		BAE26FB31A77090700A0977C /* SnowballTopView.swift in Sources */ = {isa = PBXBuildFile; fileRef = BAE26FB21A77090700A0977C /* SnowballTopView.swift */; };
		BAE702461A96AFDF0040DA6F /* OnboardingPageViewController.swift in Sources */ = {isa = PBXBuildFile; fileRef = BAE702451A96AFDF0040DA6F /* OnboardingPageViewController.swift */; };
		BAE702491A96C1130040DA6F /* OnboardingPlayViewController.swift in Sources */ = {isa = PBXBuildFile; fileRef = BAE702481A96C1130040DA6F /* OnboardingPlayViewController.swift */; };
		BAE7024B1A96C1220040DA6F /* OnboardingCaptureViewController.swift in Sources */ = {isa = PBXBuildFile; fileRef = BAE7024A1A96C1220040DA6F /* OnboardingCaptureViewController.swift */; };
		BAE7024D1A96C12E0040DA6F /* OnboardingAddViewController.swift in Sources */ = {isa = PBXBuildFile; fileRef = BAE7024C1A96C12E0040DA6F /* OnboardingAddViewController.swift */; };
		BAEEA7391A97ED9500C83CF9 /* PhoneNumberViewController.swift in Sources */ = {isa = PBXBuildFile; fileRef = BAEEA7381A97ED9500C83CF9 /* PhoneNumberViewController.swift */; };
		BAF2E45A1A800F1E00A093E5 /* EditProfileViewController.swift in Sources */ = {isa = PBXBuildFile; fileRef = BAF2E4591A800F1E00A093E5 /* EditProfileViewController.swift */; };
		BAF3BC961A76E02A00AFD3E5 /* MoreNavigationController.swift in Sources */ = {isa = PBXBuildFile; fileRef = BAF3BC951A76E02A00AFD3E5 /* MoreNavigationController.swift */; };
		BAF50E721AA55C4400AB874E /* HomeViewController.swift in Sources */ = {isa = PBXBuildFile; fileRef = BAF50E711AA55C4400AB874E /* HomeViewController.swift */; };
		BAF50E741AA63D3200AB874E /* CameraViewController.swift in Sources */ = {isa = PBXBuildFile; fileRef = BAF50E731AA63D3200AB874E /* CameraViewController.swift */; };
		BAF50E761AA63E4B00AB874E /* CameraView.swift in Sources */ = {isa = PBXBuildFile; fileRef = BAF50E751AA63E4B00AB874E /* CameraView.swift */; };
		BAF50E781AA644DF00AB874E /* CameraPreviewPlayer.swift in Sources */ = {isa = PBXBuildFile; fileRef = BAF50E771AA644DF00AB874E /* CameraPreviewPlayer.swift */; };
		BAF8CDC21AAF65CC00222872 /* SnowballFooterButton.swift in Sources */ = {isa = PBXBuildFile; fileRef = BAF8CDC11AAF65CC00222872 /* SnowballFooterButton.swift */; };
		BAFB06E41A9E915600EDA01B /* Analytics.swift in Sources */ = {isa = PBXBuildFile; fileRef = BAFB06E31A9E915600EDA01B /* Analytics.swift */; };
/* End PBXBuildFile section */

/* Begin PBXContainerItemProxy section */
		BA38C1711A30228700A2F2AE /* PBXContainerItemProxy */ = {
			isa = PBXContainerItemProxy;
			containerPortal = BA38C1501A30228700A2F2AE /* Project object */;
			proxyType = 1;
			remoteGlobalIDString = BA38C1571A30228700A2F2AE;
			remoteInfo = Snowball;
		};
/* End PBXContainerItemProxy section */

/* Begin PBXCopyFilesBuildPhase section */
		BAE10A171A30400100CCFA25 /* Embed Frameworks */ = {
			isa = PBXCopyFilesBuildPhase;
			buildActionMask = 2147483647;
			dstPath = "";
			dstSubfolderSpec = 10;
			files = (
				BA042C261A90A10000D83B81 /* CoreRecord.framework in Embed Frameworks */,
				BA061D921B1948E200CEAFDB /* Cartography.framework in Embed Frameworks */,
				BA061D901B1948E200CEAFDB /* Alamofire.framework in Embed Frameworks */,
				BA87C1491A840C0400A58E64 /* Swifter.framework in Embed Frameworks */,
				BA061D941B1948E200CEAFDB /* Haneke.framework in Embed Frameworks */,
			);
			name = "Embed Frameworks";
			runOnlyForDeploymentPostprocessing = 0;
		};
/* End PBXCopyFilesBuildPhase section */

/* Begin PBXFileReference section */
		2BC32A4062714B26F6F63153 /* Pods.framework */ = {isa = PBXFileReference; explicitFileType = wrapper.framework; includeInIndex = 0; path = Pods.framework; sourceTree = BUILT_PRODUCTS_DIR; };
		32713D4685D2B1201FD238E6 /* Pods.debug.xcconfig */ = {isa = PBXFileReference; includeInIndex = 1; lastKnownFileType = text.xcconfig; name = Pods.debug.xcconfig; path = "Pods/Target Support Files/Pods/Pods.debug.xcconfig"; sourceTree = "<group>"; };
		8A6E3769866E85F9B3BF4ACB /* Pods.release.xcconfig */ = {isa = PBXFileReference; includeInIndex = 1; lastKnownFileType = text.xcconfig; name = Pods.release.xcconfig; path = "Pods/Target Support Files/Pods/Pods.release.xcconfig"; sourceTree = "<group>"; };
		BA042C241A90A10000D83B81 /* CoreRecord.framework */ = {isa = PBXFileReference; lastKnownFileType = wrapper.framework; name = CoreRecord.framework; path = Carthage/Build/iOS/CoreRecord.framework; sourceTree = "<group>"; };
		BA061D891B1948CE00CEAFDB /* Alamofire.framework */ = {isa = PBXFileReference; lastKnownFileType = wrapper.framework; name = Alamofire.framework; path = Carthage/Build/iOS/Alamofire.framework; sourceTree = "<group>"; };
		BA061D8A1B1948CE00CEAFDB /* Cartography.framework */ = {isa = PBXFileReference; lastKnownFileType = wrapper.framework; name = Cartography.framework; path = Carthage/Build/iOS/Cartography.framework; sourceTree = "<group>"; };
		BA061D8B1B1948CE00CEAFDB /* Haneke.framework */ = {isa = PBXFileReference; lastKnownFileType = wrapper.framework; name = Haneke.framework; path = Carthage/Build/iOS/Haneke.framework; sourceTree = "<group>"; };
		BA137C7C1A7199AA001F8FCF /* Crashlytics.framework */ = {isa = PBXFileReference; lastKnownFileType = wrapper.framework; path = Crashlytics.framework; sourceTree = "<group>"; };
		BA137C7D1A7199AA001F8FCF /* Fabric.framework */ = {isa = PBXFileReference; lastKnownFileType = wrapper.framework; path = Fabric.framework; sourceTree = "<group>"; };
		BA1835501AA4FC5500D6A0BE /* ClipsViewController.swift */ = {isa = PBXFileReference; fileEncoding = 4; lastKnownFileType = sourcecode.swift; path = ClipsViewController.swift; sourceTree = "<group>"; };
		BA1835521AA51C1D00D6A0BE /* PlayerView.swift */ = {isa = PBXFileReference; fileEncoding = 4; lastKnownFileType = sourcecode.swift; path = PlayerView.swift; sourceTree = "<group>"; };
		BA1835541AA51F8500D6A0BE /* ClipPlayer.swift */ = {isa = PBXFileReference; fileEncoding = 4; lastKnownFileType = sourcecode.swift; path = ClipPlayer.swift; sourceTree = "<group>"; };
		BA20CCED1A9D156C00D96A31 /* UploadQueue.swift */ = {isa = PBXFileReference; fileEncoding = 4; lastKnownFileType = sourcecode.swift; path = UploadQueue.swift; sourceTree = "<group>"; };
		BA2ABF431AE9917D00BD0861 /* ProfileViewController.swift */ = {isa = PBXFileReference; fileEncoding = 4; lastKnownFileType = sourcecode.swift; path = ProfileViewController.swift; sourceTree = "<group>"; };
		BA2ABF451AE9940200BD0861 /* ProfileClipsViewController.swift */ = {isa = PBXFileReference; fileEncoding = 4; lastKnownFileType = sourcecode.swift; path = ProfileClipsViewController.swift; sourceTree = "<group>"; };
		BA32C7911A3286250052F4CA /* UIColor+Snowball.swift */ = {isa = PBXFileReference; fileEncoding = 4; lastKnownFileType = sourcecode.swift; path = "UIColor+Snowball.swift"; sourceTree = "<group>"; };
		BA32C7941A3287BE0052F4CA /* UserAvatarImageView.swift */ = {isa = PBXFileReference; fileEncoding = 4; lastKnownFileType = sourcecode.swift; path = UserAvatarImageView.swift; sourceTree = "<group>"; };
		BA372D131A880C58004E58E9 /* TextFieldTableViewCell.swift */ = {isa = PBXFileReference; fileEncoding = 4; lastKnownFileType = sourcecode.swift; path = TextFieldTableViewCell.swift; sourceTree = "<group>"; };
		BA38C1581A30228700A2F2AE /* Snowball.app */ = {isa = PBXFileReference; explicitFileType = wrapper.application; includeInIndex = 0; path = Snowball.app; sourceTree = BUILT_PRODUCTS_DIR; };
		BA38C15C1A30228700A2F2AE /* Info.plist */ = {isa = PBXFileReference; lastKnownFileType = text.plist.xml; path = Info.plist; sourceTree = "<group>"; };
		BA38C15D1A30228700A2F2AE /* AppDelegate.swift */ = {isa = PBXFileReference; lastKnownFileType = sourcecode.swift; path = AppDelegate.swift; sourceTree = "<group>"; };
		BA38C1601A30228700A2F2AE /* Snowball.xcdatamodel */ = {isa = PBXFileReference; lastKnownFileType = wrapper.xcdatamodel; path = Snowball.xcdatamodel; sourceTree = "<group>"; };
		BA38C1671A30228700A2F2AE /* Images.xcassets */ = {isa = PBXFileReference; lastKnownFileType = folder.assetcatalog; path = Images.xcassets; sourceTree = "<group>"; };
		BA38C16A1A30228700A2F2AE /* Base */ = {isa = PBXFileReference; lastKnownFileType = file.xib; name = Base; path = Base.lproj/LaunchScreen.xib; sourceTree = "<group>"; };
		BA38C1701A30228700A2F2AE /* SnowballTests.xctest */ = {isa = PBXFileReference; explicitFileType = wrapper.cfbundle; includeInIndex = 0; path = SnowballTests.xctest; sourceTree = BUILT_PRODUCTS_DIR; };
		BA38C1751A30228700A2F2AE /* Info.plist */ = {isa = PBXFileReference; lastKnownFileType = text.plist.xml; path = Info.plist; sourceTree = "<group>"; };
		BA38C1761A30228700A2F2AE /* SnowballTests.swift */ = {isa = PBXFileReference; lastKnownFileType = sourcecode.swift; path = SnowballTests.swift; sourceTree = "<group>"; };
		BA3A286F1A3051E300A85C29 /* Util.swift */ = {isa = PBXFileReference; fileEncoding = 4; lastKnownFileType = sourcecode.swift; path = Util.swift; sourceTree = "<group>"; };
		BA3A28761A305AF600A85C29 /* ClipCollectionViewCell.swift */ = {isa = PBXFileReference; fileEncoding = 4; lastKnownFileType = sourcecode.swift; path = ClipCollectionViewCell.swift; sourceTree = "<group>"; };
		BA3DB8211A9EEA8B00378F6D /* UIViewController+NavigationTransition.swift */ = {isa = PBXFileReference; fileEncoding = 4; lastKnownFileType = sourcecode.swift; path = "UIViewController+NavigationTransition.swift"; sourceTree = "<group>"; };
		BA3DB8231A9EEEFD00378F6D /* SnowballRoundedButton.swift */ = {isa = PBXFileReference; fileEncoding = 4; lastKnownFileType = sourcecode.swift; path = SnowballRoundedButton.swift; sourceTree = "<group>"; };
		BA3DB8251A9EFD9A00378F6D /* SnowballRoundedTextField.swift */ = {isa = PBXFileReference; fileEncoding = 4; lastKnownFileType = sourcecode.swift; path = SnowballRoundedTextField.swift; sourceTree = "<group>"; };
		BA44E4531A9C0B7700B75DF3 /* WebViewController.swift */ = {isa = PBXFileReference; fileEncoding = 4; lastKnownFileType = sourcecode.swift; path = WebViewController.swift; sourceTree = "<group>"; };
		BA44E4551A9C0CF000B75DF3 /* PrivacyPolicyViewController.swift */ = {isa = PBXFileReference; fileEncoding = 4; lastKnownFileType = sourcecode.swift; path = PrivacyPolicyViewController.swift; sourceTree = "<group>"; };
		BA44E4571A9C0EC600B75DF3 /* TermsViewController.swift */ = {isa = PBXFileReference; fileEncoding = 4; lastKnownFileType = sourcecode.swift; path = TermsViewController.swift; sourceTree = "<group>"; };
		BA4BD71F1AA2D6820057380C /* ClipPreloadQueue.swift */ = {isa = PBXFileReference; fileEncoding = 4; lastKnownFileType = sourcecode.swift; path = ClipPreloadQueue.swift; sourceTree = "<group>"; };
		BA4BD7211AA2E1F00057380C /* Cache.swift */ = {isa = PBXFileReference; fileEncoding = 4; lastKnownFileType = sourcecode.swift; path = Cache.swift; sourceTree = "<group>"; };
		BA6314D01A97C8B100021E3F /* OnboardingViewController.swift */ = {isa = PBXFileReference; fileEncoding = 4; lastKnownFileType = sourcecode.swift; path = OnboardingViewController.swift; sourceTree = "<group>"; };
		BA6385E21A65ACAF00B002D9 /* WelcomeViewController.swift */ = {isa = PBXFileReference; fileEncoding = 4; lastKnownFileType = sourcecode.swift; path = WelcomeViewController.swift; sourceTree = "<group>"; };
		BA7C0E3F1A65BF56001B3B4C /* UIFont+Snowball.swift */ = {isa = PBXFileReference; fileEncoding = 4; lastKnownFileType = sourcecode.swift; path = "UIFont+Snowball.swift"; sourceTree = "<group>"; };
		BA7C0E471A65C315001B3B4C /* UIButton+Snowball.swift */ = {isa = PBXFileReference; fileEncoding = 4; lastKnownFileType = sourcecode.swift; path = "UIButton+Snowball.swift"; sourceTree = "<group>"; };
		BA7C0E491A65EF94001B3B4C /* UITextField+Snowball.swift */ = {isa = PBXFileReference; fileEncoding = 4; lastKnownFileType = sourcecode.swift; path = "UITextField+Snowball.swift"; sourceTree = "<group>"; };
		BA7C27C51A37A28F00A9CFC5 /* Router.swift */ = {isa = PBXFileReference; fileEncoding = 4; lastKnownFileType = sourcecode.swift; path = Router.swift; sourceTree = "<group>"; };
		BA7C27CA1A37A64400A9CFC5 /* API.swift */ = {isa = PBXFileReference; fileEncoding = 4; lastKnownFileType = sourcecode.swift; path = API.swift; sourceTree = "<group>"; };
		BA7C27D21A37ADA600A9CFC5 /* RemoteObject.swift */ = {isa = PBXFileReference; fileEncoding = 4; lastKnownFileType = sourcecode.swift; path = RemoteObject.swift; sourceTree = "<group>"; };
		BA8812EA1A783CD600B50651 /* UserTableViewCell.swift */ = {isa = PBXFileReference; fileEncoding = 4; lastKnownFileType = sourcecode.swift; path = UserTableViewCell.swift; sourceTree = "<group>"; };
		BA938A001A7B06C600857CF7 /* NSError+Print.swift */ = {isa = PBXFileReference; fileEncoding = 4; lastKnownFileType = sourcecode.swift; path = "NSError+Print.swift"; sourceTree = "<group>"; };
		BA97DE581B4DC9B2005DF812 /* UIViewController+Shake.swift */ = {isa = PBXFileReference; fileEncoding = 4; lastKnownFileType = sourcecode.swift; path = "UIViewController+Shake.swift"; sourceTree = "<group>"; };
		BA989AD21B508D5A0029B674 /* OnboardingConnectViewController.swift */ = {isa = PBXFileReference; fileEncoding = 4; lastKnownFileType = sourcecode.swift; path = OnboardingConnectViewController.swift; sourceTree = "<group>"; };
		BA989AD41B508DDB0029B674 /* OnboardingIntroViewController.swift */ = {isa = PBXFileReference; fileEncoding = 4; lastKnownFileType = sourcecode.swift; path = OnboardingIntroViewController.swift; sourceTree = "<group>"; };
		BA9AA67B1A67465F002C4992 /* AuthenticationNavigationController.swift */ = {isa = PBXFileReference; fileEncoding = 4; lastKnownFileType = sourcecode.swift; path = AuthenticationNavigationController.swift; sourceTree = "<group>"; };
		BA9AA6821A674804002C4992 /* MainNavigationController.swift */ = {isa = PBXFileReference; fileEncoding = 4; lastKnownFileType = sourcecode.swift; path = MainNavigationController.swift; sourceTree = "<group>"; };
		BA9C8E7F1AAB779200CF05AB /* FormTableViewController.swift */ = {isa = PBXFileReference; fileEncoding = 4; lastKnownFileType = sourcecode.swift; path = FormTableViewController.swift; sourceTree = "<group>"; };
		BA9C8E811AAB7EFC00CF05AB /* SignUpViewController.swift */ = {isa = PBXFileReference; fileEncoding = 4; lastKnownFileType = sourcecode.swift; path = SignUpViewController.swift; sourceTree = "<group>"; };
		BA9C8E831AAB7F0400CF05AB /* SignInViewController.swift */ = {isa = PBXFileReference; fileEncoding = 4; lastKnownFileType = sourcecode.swift; path = SignInViewController.swift; sourceTree = "<group>"; };
		BAA15EAE1A688AB80055756E /* Snowball-Bridging-Header.h */ = {isa = PBXFileReference; lastKnownFileType = sourcecode.c.h; path = "Snowball-Bridging-Header.h"; sourceTree = "<group>"; };
		BAA637591B180181000F3359 /* PushManager.swift */ = {isa = PBXFileReference; fileEncoding = 4; lastKnownFileType = sourcecode.swift; path = PushManager.swift; sourceTree = "<group>"; };
		BAA8C07F1A32F8F300AAB9F4 /* User.swift */ = {isa = PBXFileReference; fileEncoding = 4; lastKnownFileType = sourcecode.swift; path = User.swift; sourceTree = "<group>"; };
		BAA966BC1A87FEEC0032752F /* FindFriendsViewController.swift */ = {isa = PBXFileReference; fileEncoding = 4; lastKnownFileType = sourcecode.swift; path = FindFriendsViewController.swift; sourceTree = "<group>"; };
		BAB1A3251AA0C9F400C2FB49 /* UITableView+RefreshControl.swift */ = {isa = PBXFileReference; fileEncoding = 4; lastKnownFileType = sourcecode.swift; path = "UITableView+RefreshControl.swift"; sourceTree = "<group>"; };
		BAB8F2C71A830F5500937407 /* FriendsViewController.swift */ = {isa = PBXFileReference; fileEncoding = 4; lastKnownFileType = sourcecode.swift; path = FriendsViewController.swift; sourceTree = "<group>"; };
		BABE8FCC1A8957D600B81DD1 /* Clip.swift */ = {isa = PBXFileReference; fileEncoding = 4; lastKnownFileType = sourcecode.swift; path = Clip.swift; sourceTree = "<group>"; };
		BAC8CD391A6607550075B503 /* AuthenticationViewController.swift */ = {isa = PBXFileReference; fileEncoding = 4; lastKnownFileType = sourcecode.swift; path = AuthenticationViewController.swift; sourceTree = "<group>"; };
		BAC90F3A1A8343C5005C9405 /* Swifter.framework */ = {isa = PBXFileReference; lastKnownFileType = wrapper.framework; name = Swifter.framework; path = Carthage/Build/iOS/Swifter.framework; sourceTree = "<group>"; };
		BACA7A851A36E40900C34B6C /* NSDate+TimeSince.swift */ = {isa = PBXFileReference; fileEncoding = 4; lastKnownFileType = sourcecode.swift; path = "NSDate+TimeSince.swift"; sourceTree = "<group>"; };
		BAE26FB21A77090700A0977C /* SnowballTopView.swift */ = {isa = PBXFileReference; fileEncoding = 4; lastKnownFileType = sourcecode.swift; path = SnowballTopView.swift; sourceTree = "<group>"; };
		BAE702451A96AFDF0040DA6F /* OnboardingPageViewController.swift */ = {isa = PBXFileReference; fileEncoding = 4; lastKnownFileType = sourcecode.swift; path = OnboardingPageViewController.swift; sourceTree = "<group>"; };
		BAE702481A96C1130040DA6F /* OnboardingPlayViewController.swift */ = {isa = PBXFileReference; fileEncoding = 4; lastKnownFileType = sourcecode.swift; path = OnboardingPlayViewController.swift; sourceTree = "<group>"; };
		BAE7024A1A96C1220040DA6F /* OnboardingCaptureViewController.swift */ = {isa = PBXFileReference; fileEncoding = 4; lastKnownFileType = sourcecode.swift; path = OnboardingCaptureViewController.swift; sourceTree = "<group>"; };
		BAE7024C1A96C12E0040DA6F /* OnboardingAddViewController.swift */ = {isa = PBXFileReference; fileEncoding = 4; lastKnownFileType = sourcecode.swift; path = OnboardingAddViewController.swift; sourceTree = "<group>"; };
		BAEEA7381A97ED9500C83CF9 /* PhoneNumberViewController.swift */ = {isa = PBXFileReference; fileEncoding = 4; lastKnownFileType = sourcecode.swift; path = PhoneNumberViewController.swift; sourceTree = "<group>"; };
		BAF2E4591A800F1E00A093E5 /* EditProfileViewController.swift */ = {isa = PBXFileReference; fileEncoding = 4; lastKnownFileType = sourcecode.swift; path = EditProfileViewController.swift; sourceTree = "<group>"; };
		BAF3BC951A76E02A00AFD3E5 /* MoreNavigationController.swift */ = {isa = PBXFileReference; fileEncoding = 4; lastKnownFileType = sourcecode.swift; path = MoreNavigationController.swift; sourceTree = "<group>"; };
		BAF50E711AA55C4400AB874E /* HomeViewController.swift */ = {isa = PBXFileReference; fileEncoding = 4; lastKnownFileType = sourcecode.swift; path = HomeViewController.swift; sourceTree = "<group>"; };
		BAF50E731AA63D3200AB874E /* CameraViewController.swift */ = {isa = PBXFileReference; fileEncoding = 4; lastKnownFileType = sourcecode.swift; path = CameraViewController.swift; sourceTree = "<group>"; };
		BAF50E751AA63E4B00AB874E /* CameraView.swift */ = {isa = PBXFileReference; fileEncoding = 4; lastKnownFileType = sourcecode.swift; path = CameraView.swift; sourceTree = "<group>"; };
		BAF50E771AA644DF00AB874E /* CameraPreviewPlayer.swift */ = {isa = PBXFileReference; fileEncoding = 4; lastKnownFileType = sourcecode.swift; path = CameraPreviewPlayer.swift; sourceTree = "<group>"; };
		BAF8CDC11AAF65CC00222872 /* SnowballFooterButton.swift */ = {isa = PBXFileReference; fileEncoding = 4; lastKnownFileType = sourcecode.swift; path = SnowballFooterButton.swift; sourceTree = "<group>"; };
		BAFB06E31A9E915600EDA01B /* Analytics.swift */ = {isa = PBXFileReference; fileEncoding = 4; lastKnownFileType = sourcecode.swift; path = Analytics.swift; sourceTree = "<group>"; };
		F9469431E12979BC7E01C516 /* Pods.debug-staging.xcconfig */ = {isa = PBXFileReference; includeInIndex = 1; lastKnownFileType = text.xcconfig; name = "Pods.debug-staging.xcconfig"; path = "Pods/Target Support Files/Pods/Pods.debug-staging.xcconfig"; sourceTree = "<group>"; };
/* End PBXFileReference section */

/* Begin PBXFrameworksBuildPhase section */
		BA38C1551A30228700A2F2AE /* Frameworks */ = {
			isa = PBXFrameworksBuildPhase;
			buildActionMask = 2147483647;
			files = (
				BA061D8C1B1948CE00CEAFDB /* Alamofire.framework in Frameworks */,
				BA061D8D1B1948CE00CEAFDB /* Cartography.framework in Frameworks */,
				BA061D8E1B1948CE00CEAFDB /* Haneke.framework in Frameworks */,
				BA042C251A90A10000D83B81 /* CoreRecord.framework in Frameworks */,
				BA87C1481A840C0400A58E64 /* Swifter.framework in Frameworks */,
				BA137C7E1A7199AA001F8FCF /* Crashlytics.framework in Frameworks */,
				BA137C7F1A7199AA001F8FCF /* Fabric.framework in Frameworks */,
				590C6EB6ECEE12594A815ED5 /* Pods.framework in Frameworks */,
			);
			runOnlyForDeploymentPostprocessing = 0;
		};
		BA38C16D1A30228700A2F2AE /* Frameworks */ = {
			isa = PBXFrameworksBuildPhase;
			buildActionMask = 2147483647;
			files = (
			);
			runOnlyForDeploymentPostprocessing = 0;
		};
/* End PBXFrameworksBuildPhase section */

/* Begin PBXGroup section */
		04150CE1616CDA3B9208DA56 /* Frameworks */ = {
			isa = PBXGroup;
			children = (
				BA061D891B1948CE00CEAFDB /* Alamofire.framework */,
				BA061D8A1B1948CE00CEAFDB /* Cartography.framework */,
				BA061D8B1B1948CE00CEAFDB /* Haneke.framework */,
				2BC32A4062714B26F6F63153 /* Pods.framework */,
			);
			name = Frameworks;
			sourceTree = "<group>";
		};
		6D01F357A6304CC3C3D1F10B /* Pods */ = {
			isa = PBXGroup;
			children = (
				32713D4685D2B1201FD238E6 /* Pods.debug.xcconfig */,
				F9469431E12979BC7E01C516 /* Pods.debug-staging.xcconfig */,
				8A6E3769866E85F9B3BF4ACB /* Pods.release.xcconfig */,
			);
			name = Pods;
			sourceTree = "<group>";
		};
		BA145D071A687CCC00D81E53 /* Carthage */ = {
			isa = PBXGroup;
			children = (
				BA042C241A90A10000D83B81 /* CoreRecord.framework */,
				BAC90F3A1A8343C5005C9405 /* Swifter.framework */,
			);
			name = Carthage;
			sourceTree = "<group>";
		};
		BA32C7801A3256CC0052F4CA /* Assets */ = {
			isa = PBXGroup;
			children = (
				BA38C1671A30228700A2F2AE /* Images.xcassets */,
			);
			name = Assets;
			sourceTree = "<group>";
		};
		BA32C7931A3287AC0052F4CA /* Views */ = {
			isa = PBXGroup;
			children = (
				BA3A28851A30615800A85C29 /* Cells */,
				BAE26FB21A77090700A0977C /* SnowballTopView.swift */,
				BA32C7941A3287BE0052F4CA /* UserAvatarImageView.swift */,
				BA3DB8231A9EEEFD00378F6D /* SnowballRoundedButton.swift */,
				BA3DB8251A9EFD9A00378F6D /* SnowballRoundedTextField.swift */,
				BA1835521AA51C1D00D6A0BE /* PlayerView.swift */,
				BAF50E751AA63E4B00AB874E /* CameraView.swift */,
				BAF8CDC11AAF65CC00222872 /* SnowballFooterButton.swift */,
			);
			name = Views;
			sourceTree = "<group>";
		};
		BA38C14F1A30228700A2F2AE = {
			isa = PBXGroup;
			children = (
				BA38C15A1A30228700A2F2AE /* Snowball */,
				BA38C1731A30228700A2F2AE /* SnowballTests */,
				BA38C1591A30228700A2F2AE /* Products */,
				BA145D071A687CCC00D81E53 /* Carthage */,
				BAA15E701A6888F70055756E /* Vendor */,
				6D01F357A6304CC3C3D1F10B /* Pods */,
				04150CE1616CDA3B9208DA56 /* Frameworks */,
			);
			sourceTree = "<group>";
		};
		BA38C1591A30228700A2F2AE /* Products */ = {
			isa = PBXGroup;
			children = (
				BA38C1581A30228700A2F2AE /* Snowball.app */,
				BA38C1701A30228700A2F2AE /* SnowballTests.xctest */,
			);
			name = Products;
			sourceTree = "<group>";
		};
		BA38C15A1A30228700A2F2AE /* Snowball */ = {
			isa = PBXGroup;
			children = (
				BA38C15D1A30228700A2F2AE /* AppDelegate.swift */,
				BAA637591B180181000F3359 /* PushManager.swift */,
				BA6385DB1A65A90000B002D9 /* Authentication */,
				BAE702471A96BF030040DA6F /* Onboarding */,
				BA9AA6811A6747F0002C4992 /* Main */,
				BAF3BC971A76E03F00AFD3E5 /* More */,
				BA32C7931A3287AC0052F4CA /* Views */,
				BAA8C07E1A32F8EC00AAB9F4 /* Models */,
				BA7C27C71A37A32A00A9CFC5 /* Networking */,
				BAF3DDBF1A3048440062C068 /* Extensions */,
				BA32C7801A3256CC0052F4CA /* Assets */,
				BA38C1691A30228700A2F2AE /* LaunchScreen.xib */,
				BA38C15F1A30228700A2F2AE /* Snowball.xcdatamodeld */,
				BA3A286F1A3051E300A85C29 /* Util.swift */,
				BAA15EAE1A688AB80055756E /* Snowball-Bridging-Header.h */,
				BA38C15B1A30228700A2F2AE /* Supporting Files */,
			);
			path = Snowball;
			sourceTree = "<group>";
		};
		BA38C15B1A30228700A2F2AE /* Supporting Files */ = {
			isa = PBXGroup;
			children = (
				BA38C15C1A30228700A2F2AE /* Info.plist */,
			);
			name = "Supporting Files";
			sourceTree = "<group>";
		};
		BA38C1731A30228700A2F2AE /* SnowballTests */ = {
			isa = PBXGroup;
			children = (
				BA38C1761A30228700A2F2AE /* SnowballTests.swift */,
				BA38C1741A30228700A2F2AE /* Supporting Files */,
			);
			path = SnowballTests;
			sourceTree = "<group>";
		};
		BA38C1741A30228700A2F2AE /* Supporting Files */ = {
			isa = PBXGroup;
			children = (
				BA38C1751A30228700A2F2AE /* Info.plist */,
			);
			name = "Supporting Files";
			sourceTree = "<group>";
		};
		BA3A28851A30615800A85C29 /* Cells */ = {
			isa = PBXGroup;
			children = (
				BA3A28761A305AF600A85C29 /* ClipCollectionViewCell.swift */,
				BA8812EA1A783CD600B50651 /* UserTableViewCell.swift */,
				BA372D131A880C58004E58E9 /* TextFieldTableViewCell.swift */,
			);
			name = Cells;
			sourceTree = "<group>";
		};
		BA4D62D71AA385EB00690BD0 /* Cache */ = {
			isa = PBXGroup;
			children = (
				BA4BD71F1AA2D6820057380C /* ClipPreloadQueue.swift */,
				BA4BD7211AA2E1F00057380C /* Cache.swift */,
			);
			name = Cache;
			sourceTree = "<group>";
		};
		BA6385DB1A65A90000B002D9 /* Authentication */ = {
			isa = PBXGroup;
			children = (
				BA9AA67B1A67465F002C4992 /* AuthenticationNavigationController.swift */,
				BA6385E21A65ACAF00B002D9 /* WelcomeViewController.swift */,
				BAC8CD391A6607550075B503 /* AuthenticationViewController.swift */,
				BA9C8E811AAB7EFC00CF05AB /* SignUpViewController.swift */,
				BA9C8E831AAB7F0400CF05AB /* SignInViewController.swift */,
				BAEEA7381A97ED9500C83CF9 /* PhoneNumberViewController.swift */,
				BA44E4531A9C0B7700B75DF3 /* WebViewController.swift */,
				BA44E4551A9C0CF000B75DF3 /* PrivacyPolicyViewController.swift */,
				BA44E4571A9C0EC600B75DF3 /* TermsViewController.swift */,
			);
			name = Authentication;
			sourceTree = "<group>";
		};
		BA789E091A7052C500BA1611 /* Player */ = {
			isa = PBXGroup;
			children = (
				BA1835541AA51F8500D6A0BE /* ClipPlayer.swift */,
				BAF50E771AA644DF00AB874E /* CameraPreviewPlayer.swift */,
			);
			name = Player;
			sourceTree = "<group>";
		};
		BA7C27C71A37A32A00A9CFC5 /* Networking */ = {
			isa = PBXGroup;
			children = (
				BA7C27CA1A37A64400A9CFC5 /* API.swift */,
				BA7C27C51A37A28F00A9CFC5 /* Router.swift */,
				BA20CCED1A9D156C00D96A31 /* UploadQueue.swift */,
				BAFB06E31A9E915600EDA01B /* Analytics.swift */,
				BA4D62D71AA385EB00690BD0 /* Cache */,
			);
			name = Networking;
			sourceTree = "<group>";
		};
		BA9AA6811A6747F0002C4992 /* Main */ = {
			isa = PBXGroup;
			children = (
				BA9AA6821A674804002C4992 /* MainNavigationController.swift */,
				BAF50E711AA55C4400AB874E /* HomeViewController.swift */,
				BA1835501AA4FC5500D6A0BE /* ClipsViewController.swift */,
				BA2ABF431AE9917D00BD0861 /* ProfileViewController.swift */,
				BA2ABF451AE9940200BD0861 /* ProfileClipsViewController.swift */,
				BAF50E731AA63D3200AB874E /* CameraViewController.swift */,
				BA789E091A7052C500BA1611 /* Player */,
			);
			name = Main;
			sourceTree = "<group>";
		};
		BAA15E701A6888F70055756E /* Vendor */ = {
			isa = PBXGroup;
			children = (
				BA137C7C1A7199AA001F8FCF /* Crashlytics.framework */,
				BA137C7D1A7199AA001F8FCF /* Fabric.framework */,
			);
			name = Vendor;
			sourceTree = "<group>";
		};
		BAA8C07E1A32F8EC00AAB9F4 /* Models */ = {
			isa = PBXGroup;
			children = (
				BA7C27D21A37ADA600A9CFC5 /* RemoteObject.swift */,
				BAA8C07F1A32F8F300AAB9F4 /* User.swift */,
				BABE8FCC1A8957D600B81DD1 /* Clip.swift */,
			);
			name = Models;
			sourceTree = "<group>";
		};
		BAE702471A96BF030040DA6F /* Onboarding */ = {
			isa = PBXGroup;
			children = (
				BAE702451A96AFDF0040DA6F /* OnboardingPageViewController.swift */,
				BA989AD41B508DDB0029B674 /* OnboardingIntroViewController.swift */,
				BA6314D01A97C8B100021E3F /* OnboardingViewController.swift */,
				BAE702481A96C1130040DA6F /* OnboardingPlayViewController.swift */,
				BAE7024C1A96C12E0040DA6F /* OnboardingAddViewController.swift */,
				BAE7024A1A96C1220040DA6F /* OnboardingCaptureViewController.swift */,
				BA989AD21B508D5A0029B674 /* OnboardingConnectViewController.swift */,
			);
			name = Onboarding;
			sourceTree = "<group>";
		};
		BAF3BC971A76E03F00AFD3E5 /* More */ = {
			isa = PBXGroup;
			children = (
				BA9C8E7F1AAB779200CF05AB /* FormTableViewController.swift */,
				BAF3BC951A76E02A00AFD3E5 /* MoreNavigationController.swift */,
				BAB8F2C71A830F5500937407 /* FriendsViewController.swift */,
				BAA966BC1A87FEEC0032752F /* FindFriendsViewController.swift */,
				BAF2E4591A800F1E00A093E5 /* EditProfileViewController.swift */,
			);
			name = More;
			sourceTree = "<group>";
		};
		BAF3DDBF1A3048440062C068 /* Extensions */ = {
			isa = PBXGroup;
			children = (
				BA32C7911A3286250052F4CA /* UIColor+Snowball.swift */,
				BACA7A851A36E40900C34B6C /* NSDate+TimeSince.swift */,
				BA7C0E3F1A65BF56001B3B4C /* UIFont+Snowball.swift */,
				BA7C0E471A65C315001B3B4C /* UIButton+Snowball.swift */,
				BA7C0E491A65EF94001B3B4C /* UITextField+Snowball.swift */,
				BA938A001A7B06C600857CF7 /* NSError+Print.swift */,
				BA3DB8211A9EEA8B00378F6D /* UIViewController+NavigationTransition.swift */,
				BA97DE581B4DC9B2005DF812 /* UIViewController+Shake.swift */,
				BAB1A3251AA0C9F400C2FB49 /* UITableView+RefreshControl.swift */,
			);
			name = Extensions;
			sourceTree = "<group>";
		};
/* End PBXGroup section */

/* Begin PBXNativeTarget section */
		BA38C1571A30228700A2F2AE /* Snowball */ = {
			isa = PBXNativeTarget;
			buildConfigurationList = BA38C17A1A30228700A2F2AE /* Build configuration list for PBXNativeTarget "Snowball" */;
			buildPhases = (
				028E2FB3144C25B22451BB76 /* Check Pods Manifest.lock */,
				BA38C1541A30228700A2F2AE /* Sources */,
				BA38C1551A30228700A2F2AE /* Frameworks */,
				BA38C1561A30228700A2F2AE /* Resources */,
				BAE10A171A30400100CCFA25 /* Embed Frameworks */,
				BA137C7B1A71996F001F8FCF /* Fabric Script */,
				BAE32F651A71CB6800B130EC /* Carthage Temporary Fix 1/22/2015 */,
				40A4A0A5F11886F0349A4D1E /* Copy Pods Resources */,
				0EAFFB57047BE28CB5F4CBF5 /* Embed Pods Frameworks */,
			);
			buildRules = (
			);
			dependencies = (
			);
			name = Snowball;
			productName = Snowball;
			productReference = BA38C1581A30228700A2F2AE /* Snowball.app */;
			productType = "com.apple.product-type.application";
		};
		BA38C16F1A30228700A2F2AE /* SnowballTests */ = {
			isa = PBXNativeTarget;
			buildConfigurationList = BA38C17D1A30228700A2F2AE /* Build configuration list for PBXNativeTarget "SnowballTests" */;
			buildPhases = (
				BA38C16C1A30228700A2F2AE /* Sources */,
				BA38C16D1A30228700A2F2AE /* Frameworks */,
				BA38C16E1A30228700A2F2AE /* Resources */,
			);
			buildRules = (
			);
			dependencies = (
				BA38C1721A30228700A2F2AE /* PBXTargetDependency */,
			);
			name = SnowballTests;
			productName = SnowballTests;
			productReference = BA38C1701A30228700A2F2AE /* SnowballTests.xctest */;
			productType = "com.apple.product-type.bundle.unit-test";
		};
/* End PBXNativeTarget section */

/* Begin PBXProject section */
		BA38C1501A30228700A2F2AE /* Project object */ = {
			isa = PBXProject;
			attributes = {
				LastUpgradeCheck = 0610;
				ORGANIZATIONNAME = "Snowball, Inc.";
				TargetAttributes = {
					BA38C1571A30228700A2F2AE = {
						CreatedOnToolsVersion = 6.1.1;
					};
					BA38C16F1A30228700A2F2AE = {
						CreatedOnToolsVersion = 6.1.1;
						TestTargetID = BA38C1571A30228700A2F2AE;
					};
				};
			};
			buildConfigurationList = BA38C1531A30228700A2F2AE /* Build configuration list for PBXProject "Snowball" */;
			compatibilityVersion = "Xcode 3.2";
			developmentRegion = English;
			hasScannedForEncodings = 0;
			knownRegions = (
				en,
				Base,
			);
			mainGroup = BA38C14F1A30228700A2F2AE;
			productRefGroup = BA38C1591A30228700A2F2AE /* Products */;
			projectDirPath = "";
			projectRoot = "";
			targets = (
				BA38C1571A30228700A2F2AE /* Snowball */,
				BA38C16F1A30228700A2F2AE /* SnowballTests */,
			);
		};
/* End PBXProject section */

/* Begin PBXResourcesBuildPhase section */
		BA38C1561A30228700A2F2AE /* Resources */ = {
			isa = PBXResourcesBuildPhase;
			buildActionMask = 2147483647;
			files = (
				BA38C16B1A30228700A2F2AE /* LaunchScreen.xib in Resources */,
				BA38C1681A30228700A2F2AE /* Images.xcassets in Resources */,
			);
			runOnlyForDeploymentPostprocessing = 0;
		};
		BA38C16E1A30228700A2F2AE /* Resources */ = {
			isa = PBXResourcesBuildPhase;
			buildActionMask = 2147483647;
			files = (
			);
			runOnlyForDeploymentPostprocessing = 0;
		};
/* End PBXResourcesBuildPhase section */

/* Begin PBXShellScriptBuildPhase section */
		028E2FB3144C25B22451BB76 /* Check Pods Manifest.lock */ = {
			isa = PBXShellScriptBuildPhase;
			buildActionMask = 2147483647;
			files = (
			);
			inputPaths = (
			);
			name = "Check Pods Manifest.lock";
			outputPaths = (
			);
			runOnlyForDeploymentPostprocessing = 0;
			shellPath = /bin/sh;
			shellScript = "diff \"${PODS_ROOT}/../Podfile.lock\" \"${PODS_ROOT}/Manifest.lock\" > /dev/null\nif [[ $? != 0 ]] ; then\n    cat << EOM\nerror: The sandbox is not in sync with the Podfile.lock. Run 'pod install' or update your CocoaPods installation.\nEOM\n    exit 1\nfi\n";
			showEnvVarsInLog = 0;
		};
		0EAFFB57047BE28CB5F4CBF5 /* Embed Pods Frameworks */ = {
			isa = PBXShellScriptBuildPhase;
			buildActionMask = 2147483647;
			files = (
			);
			inputPaths = (
			);
			name = "Embed Pods Frameworks";
			outputPaths = (
			);
			runOnlyForDeploymentPostprocessing = 0;
			shellPath = /bin/sh;
			shellScript = "\"${SRCROOT}/Pods/Target Support Files/Pods/Pods-frameworks.sh\"\n";
			showEnvVarsInLog = 0;
		};
		40A4A0A5F11886F0349A4D1E /* Copy Pods Resources */ = {
			isa = PBXShellScriptBuildPhase;
			buildActionMask = 2147483647;
			files = (
			);
			inputPaths = (
			);
			name = "Copy Pods Resources";
			outputPaths = (
			);
			runOnlyForDeploymentPostprocessing = 0;
			shellPath = /bin/sh;
			shellScript = "\"${SRCROOT}/Pods/Target Support Files/Pods/Pods-resources.sh\"\n";
			showEnvVarsInLog = 0;
		};
		BA137C7B1A71996F001F8FCF /* Fabric Script */ = {
			isa = PBXShellScriptBuildPhase;
			buildActionMask = 2147483647;
			files = (
			);
			inputPaths = (
			);
			name = "Fabric Script";
			outputPaths = (
			);
			runOnlyForDeploymentPostprocessing = 0;
			shellPath = /bin/sh;
			shellScript = "./Fabric.framework/run 3ad6062e840bc33bf27000e2eac426550ff9ddc5 027b542a5e7453d709fac8530608bfb4016d21c2389d342f4e4066c4cf4ff823";
		};
		BAE32F651A71CB6800B130EC /* Carthage Temporary Fix 1/22/2015 */ = {
			isa = PBXShellScriptBuildPhase;
			buildActionMask = 2147483647;
			files = (
			);
			inputPaths = (
				"$(SRCROOT)/Carthage/Build/iOS/Swifter.framework",
				"$(SRCROOT)/Carthage/Build/iOS/CoreRecord.framework",
				"$(SRCROOT)/Carthage/Build/iOS/Alamofire.framework",
				"$(SRCROOT)/Carthage/Build/iOS/Cartography.framework",
				"$(SRCROOT)/Carthage/Build/iOS/Haneke.framework",
			);
			name = "Carthage Temporary Fix 1/22/2015";
			outputPaths = (
			);
			runOnlyForDeploymentPostprocessing = 0;
			shellPath = /bin/sh;
			shellScript = "/usr/local/bin/carthage copy-frameworks";
		};
/* End PBXShellScriptBuildPhase section */

/* Begin PBXSourcesBuildPhase section */
		BA38C1541A30228700A2F2AE /* Sources */ = {
			isa = PBXSourcesBuildPhase;
			buildActionMask = 2147483647;
			files = (
				BAF3BC961A76E02A00AFD3E5 /* MoreNavigationController.swift in Sources */,
				BA32C7951A3287BE0052F4CA /* UserAvatarImageView.swift in Sources */,
				BA1835551AA51F8500D6A0BE /* ClipPlayer.swift in Sources */,
				BAA966BD1A87FEEC0032752F /* FindFriendsViewController.swift in Sources */,
				BA989AD31B508D5A0029B674 /* OnboardingConnectViewController.swift in Sources */,
				BA2ABF461AE9940200BD0861 /* ProfileClipsViewController.swift in Sources */,
				BA7C0E401A65BF56001B3B4C /* UIFont+Snowball.swift in Sources */,
				BA7C0E481A65C315001B3B4C /* UIButton+Snowball.swift in Sources */,
				BAE702491A96C1130040DA6F /* OnboardingPlayViewController.swift in Sources */,
				BA38C15E1A30228700A2F2AE /* AppDelegate.swift in Sources */,
				BA97DE591B4DC9B2005DF812 /* UIViewController+Shake.swift in Sources */,
				BA372D141A880C58004E58E9 /* TextFieldTableViewCell.swift in Sources */,
				BA3DB8241A9EEEFD00378F6D /* SnowballRoundedButton.swift in Sources */,
				BAFB06E41A9E915600EDA01B /* Analytics.swift in Sources */,
				BA8812EB1A783CD600B50651 /* UserTableViewCell.swift in Sources */,
				BA3DB8261A9EFD9A00378F6D /* SnowballRoundedTextField.swift in Sources */,
				BA989AD51B508DDB0029B674 /* OnboardingIntroViewController.swift in Sources */,
				BA7C0E4A1A65EF94001B3B4C /* UITextField+Snowball.swift in Sources */,
				BAF50E781AA644DF00AB874E /* CameraPreviewPlayer.swift in Sources */,
				BA9AA67C1A67465F002C4992 /* AuthenticationNavigationController.swift in Sources */,
				BAEEA7391A97ED9500C83CF9 /* PhoneNumberViewController.swift in Sources */,
				BAF50E721AA55C4400AB874E /* HomeViewController.swift in Sources */,
				BA3A28701A3051E300A85C29 /* Util.swift in Sources */,
				BA7C27D31A37ADA600A9CFC5 /* RemoteObject.swift in Sources */,
				BA44E4581A9C0EC600B75DF3 /* TermsViewController.swift in Sources */,
				BAF50E761AA63E4B00AB874E /* CameraView.swift in Sources */,
				BA6385E31A65ACAF00B002D9 /* WelcomeViewController.swift in Sources */,
				BA938A011A7B06C600857CF7 /* NSError+Print.swift in Sources */,
				BACA7A861A36E40900C34B6C /* NSDate+TimeSince.swift in Sources */,
				BA4BD7201AA2D6820057380C /* ClipPreloadQueue.swift in Sources */,
				BA38C1611A30228700A2F2AE /* Snowball.xcdatamodeld in Sources */,
				BAF2E45A1A800F1E00A093E5 /* EditProfileViewController.swift in Sources */,
				BAB1A3261AA0C9F400C2FB49 /* UITableView+RefreshControl.swift in Sources */,
				BA9C8E841AAB7F0400CF05AB /* SignInViewController.swift in Sources */,
				BA9AA6831A674804002C4992 /* MainNavigationController.swift in Sources */,
				BAF8CDC21AAF65CC00222872 /* SnowballFooterButton.swift in Sources */,
				BA7C27C61A37A28F00A9CFC5 /* Router.swift in Sources */,
				BAA6375A1B180181000F3359 /* PushManager.swift in Sources */,
				BA9C8E821AAB7EFC00CF05AB /* SignUpViewController.swift in Sources */,
				BA32C7921A3286250052F4CA /* UIColor+Snowball.swift in Sources */,
				BA20CCEE1A9D156C00D96A31 /* UploadQueue.swift in Sources */,
				BA3A28771A305AF600A85C29 /* ClipCollectionViewCell.swift in Sources */,
				BAA8C0801A32F8F300AAB9F4 /* User.swift in Sources */,
				BA9C8E801AAB779200CF05AB /* FormTableViewController.swift in Sources */,
				BA44E4561A9C0CF000B75DF3 /* PrivacyPolicyViewController.swift in Sources */,
				BA1835531AA51C1D00D6A0BE /* PlayerView.swift in Sources */,
				BA3DB8221A9EEA8B00378F6D /* UIViewController+NavigationTransition.swift in Sources */,
				BAE7024B1A96C1220040DA6F /* OnboardingCaptureViewController.swift in Sources */,
				BAE26FB31A77090700A0977C /* SnowballTopView.swift in Sources */,
				BAB8F2C81A830F5500937407 /* FriendsViewController.swift in Sources */,
				BAE702461A96AFDF0040DA6F /* OnboardingPageViewController.swift in Sources */,
				BAC8CD3A1A6607550075B503 /* AuthenticationViewController.swift in Sources */,
				BA7C27CB1A37A64400A9CFC5 /* API.swift in Sources */,
				BABE8FCD1A8957D600B81DD1 /* Clip.swift in Sources */,
				BA6314D11A97C8B100021E3F /* OnboardingViewController.swift in Sources */,
				BA2ABF441AE9917D00BD0861 /* ProfileViewController.swift in Sources */,
				BAF50E741AA63D3200AB874E /* CameraViewController.swift in Sources */,
				BA44E4541A9C0B7700B75DF3 /* WebViewController.swift in Sources */,
				BAE7024D1A96C12E0040DA6F /* OnboardingAddViewController.swift in Sources */,
				BA4BD7221AA2E1F00057380C /* Cache.swift in Sources */,
				BA1835511AA4FC5500D6A0BE /* ClipsViewController.swift in Sources */,
			);
			runOnlyForDeploymentPostprocessing = 0;
		};
		BA38C16C1A30228700A2F2AE /* Sources */ = {
			isa = PBXSourcesBuildPhase;
			buildActionMask = 2147483647;
			files = (
				BA38C1771A30228700A2F2AE /* SnowballTests.swift in Sources */,
			);
			runOnlyForDeploymentPostprocessing = 0;
		};
/* End PBXSourcesBuildPhase section */

/* Begin PBXTargetDependency section */
		BA38C1721A30228700A2F2AE /* PBXTargetDependency */ = {
			isa = PBXTargetDependency;
			target = BA38C1571A30228700A2F2AE /* Snowball */;
			targetProxy = BA38C1711A30228700A2F2AE /* PBXContainerItemProxy */;
		};
/* End PBXTargetDependency section */

/* Begin PBXVariantGroup section */
		BA38C1691A30228700A2F2AE /* LaunchScreen.xib */ = {
			isa = PBXVariantGroup;
			children = (
				BA38C16A1A30228700A2F2AE /* Base */,
			);
			name = LaunchScreen.xib;
			sourceTree = "<group>";
		};
/* End PBXVariantGroup section */

/* Begin XCBuildConfiguration section */
		BA38C1781A30228700A2F2AE /* Debug */ = {
			isa = XCBuildConfiguration;
			buildSettings = {
				ALWAYS_SEARCH_USER_PATHS = NO;
				BUNDLE_ID = is.snowball.snowball;
				CLANG_CXX_LANGUAGE_STANDARD = "gnu++0x";
				CLANG_CXX_LIBRARY = "libc++";
				CLANG_ENABLE_MODULES = YES;
				CLANG_ENABLE_OBJC_ARC = YES;
				CLANG_WARN_BOOL_CONVERSION = YES;
				CLANG_WARN_CONSTANT_CONVERSION = YES;
				CLANG_WARN_DIRECT_OBJC_ISA_USAGE = YES_ERROR;
				CLANG_WARN_EMPTY_BODY = YES;
				CLANG_WARN_ENUM_CONVERSION = YES;
				CLANG_WARN_INT_CONVERSION = YES;
				CLANG_WARN_OBJC_ROOT_CLASS = YES_ERROR;
				CLANG_WARN_UNREACHABLE_CODE = YES;
				CLANG_WARN__DUPLICATE_METHOD_MATCH = YES;
				"CODE_SIGN_IDENTITY[sdk=iphoneos*]" = "iPhone Developer";
				COPY_PHASE_STRIP = NO;
				ENABLE_STRICT_OBJC_MSGSEND = YES;
				GCC_C_LANGUAGE_STANDARD = gnu99;
				GCC_DYNAMIC_NO_PIC = NO;
				GCC_OPTIMIZATION_LEVEL = 0;
				GCC_PREPROCESSOR_DEFINITIONS = (
					"DEBUG=1",
					"$(inherited)",
				);
				GCC_SYMBOLS_PRIVATE_EXTERN = NO;
				GCC_WARN_64_TO_32_BIT_CONVERSION = YES;
				GCC_WARN_ABOUT_RETURN_TYPE = YES_ERROR;
				GCC_WARN_UNDECLARED_SELECTOR = YES;
				GCC_WARN_UNINITIALIZED_AUTOS = YES_AGGRESSIVE;
				GCC_WARN_UNUSED_FUNCTION = YES;
				GCC_WARN_UNUSED_VARIABLE = YES;
				IPHONEOS_DEPLOYMENT_TARGET = 8.0;
				MTL_ENABLE_DEBUG_INFO = YES;
				ONLY_ACTIVE_ARCH = YES;
				SDKROOT = iphoneos;
				SWIFT_OPTIMIZATION_LEVEL = "-Onone";
			};
			name = Debug;
		};
		BA38C1791A30228700A2F2AE /* Release */ = {
			isa = XCBuildConfiguration;
			buildSettings = {
				ALWAYS_SEARCH_USER_PATHS = NO;
				BUNDLE_ID = is.snowball.snowball;
				CLANG_CXX_LANGUAGE_STANDARD = "gnu++0x";
				CLANG_CXX_LIBRARY = "libc++";
				CLANG_ENABLE_MODULES = YES;
				CLANG_ENABLE_OBJC_ARC = YES;
				CLANG_WARN_BOOL_CONVERSION = YES;
				CLANG_WARN_CONSTANT_CONVERSION = YES;
				CLANG_WARN_DIRECT_OBJC_ISA_USAGE = YES_ERROR;
				CLANG_WARN_EMPTY_BODY = YES;
				CLANG_WARN_ENUM_CONVERSION = YES;
				CLANG_WARN_INT_CONVERSION = YES;
				CLANG_WARN_OBJC_ROOT_CLASS = YES_ERROR;
				CLANG_WARN_UNREACHABLE_CODE = YES;
				CLANG_WARN__DUPLICATE_METHOD_MATCH = YES;
				"CODE_SIGN_IDENTITY[sdk=iphoneos*]" = "iPhone Developer";
				COPY_PHASE_STRIP = YES;
				ENABLE_NS_ASSERTIONS = NO;
				ENABLE_STRICT_OBJC_MSGSEND = YES;
				GCC_C_LANGUAGE_STANDARD = gnu99;
				GCC_WARN_64_TO_32_BIT_CONVERSION = YES;
				GCC_WARN_ABOUT_RETURN_TYPE = YES_ERROR;
				GCC_WARN_UNDECLARED_SELECTOR = YES;
				GCC_WARN_UNINITIALIZED_AUTOS = YES_AGGRESSIVE;
				GCC_WARN_UNUSED_FUNCTION = YES;
				GCC_WARN_UNUSED_VARIABLE = YES;
				IPHONEOS_DEPLOYMENT_TARGET = 8.0;
				MTL_ENABLE_DEBUG_INFO = NO;
				SDKROOT = iphoneos;
				VALIDATE_PRODUCT = YES;
			};
			name = Release;
		};
		BA38C17B1A30228700A2F2AE /* Debug */ = {
			isa = XCBuildConfiguration;
			baseConfigurationReference = 32713D4685D2B1201FD238E6 /* Pods.debug.xcconfig */;
			buildSettings = {
				ASSETCATALOG_COMPILER_APPICON_NAME = AppIcon;
				CLANG_ENABLE_MODULES = YES;
				FRAMEWORK_SEARCH_PATHS = (
					"$(inherited)",
					"$(PROJECT_DIR)/Carthage/Build/iOS",
					"$(PROJECT_DIR)",
				);
				INFOPLIST_FILE = Snowball/Info.plist;
				LD_RUNPATH_SEARCH_PATHS = "$(inherited) @executable_path/Frameworks";
				PRODUCT_NAME = "$(TARGET_NAME)";
				SWIFT_OBJC_BRIDGING_HEADER = "$(SRCROOT)/Snowball/Snowball-Bridging-Header.h";
				SWIFT_OPTIMIZATION_LEVEL = "-Onone";
			};
			name = Debug;
		};
		BA38C17C1A30228700A2F2AE /* Release */ = {
			isa = XCBuildConfiguration;
			baseConfigurationReference = 8A6E3769866E85F9B3BF4ACB /* Pods.release.xcconfig */;
			buildSettings = {
				ASSETCATALOG_COMPILER_APPICON_NAME = AppIcon;
				CLANG_ENABLE_MODULES = YES;
				FRAMEWORK_SEARCH_PATHS = (
					"$(inherited)",
					"$(PROJECT_DIR)/Carthage/Build/iOS",
					"$(PROJECT_DIR)",
				);
				INFOPLIST_FILE = Snowball/Info.plist;
				LD_RUNPATH_SEARCH_PATHS = "$(inherited) @executable_path/Frameworks";
				PRODUCT_NAME = "$(TARGET_NAME)";
				SWIFT_OBJC_BRIDGING_HEADER = "$(SRCROOT)/Snowball/Snowball-Bridging-Header.h";
			};
			name = Release;
		};
		BA38C17E1A30228700A2F2AE /* Debug */ = {
			isa = XCBuildConfiguration;
			buildSettings = {
				BUNDLE_LOADER = "$(TEST_HOST)";
				FRAMEWORK_SEARCH_PATHS = (
					"$(SDKROOT)/Developer/Library/Frameworks",
					"$(inherited)",
				);
				GCC_PREPROCESSOR_DEFINITIONS = (
					"DEBUG=1",
					"$(inherited)",
				);
				INFOPLIST_FILE = SnowballTests/Info.plist;
				LD_RUNPATH_SEARCH_PATHS = "$(inherited) @executable_path/Frameworks @loader_path/Frameworks";
				PRODUCT_NAME = "$(TARGET_NAME)";
				TEST_HOST = "$(BUILT_PRODUCTS_DIR)/Snowball.app/Snowball";
			};
			name = Debug;
		};
		BA38C17F1A30228700A2F2AE /* Release */ = {
			isa = XCBuildConfiguration;
			buildSettings = {
				BUNDLE_LOADER = "$(TEST_HOST)";
				FRAMEWORK_SEARCH_PATHS = (
					"$(SDKROOT)/Developer/Library/Frameworks",
					"$(inherited)",
				);
				INFOPLIST_FILE = SnowballTests/Info.plist;
				LD_RUNPATH_SEARCH_PATHS = "$(inherited) @executable_path/Frameworks @loader_path/Frameworks";
				PRODUCT_NAME = "$(TARGET_NAME)";
				TEST_HOST = "$(BUILT_PRODUCTS_DIR)/Snowball.app/Snowball";
			};
			name = Release;
		};
		BA44E4501A9BFDB400B75DF3 /* Debug-Staging */ = {
			isa = XCBuildConfiguration;
			buildSettings = {
				ALWAYS_SEARCH_USER_PATHS = NO;
				BUNDLE_ID = "is.snowball.snowball-staging";
				CLANG_CXX_LANGUAGE_STANDARD = "gnu++0x";
				CLANG_CXX_LIBRARY = "libc++";
				CLANG_ENABLE_MODULES = YES;
				CLANG_ENABLE_OBJC_ARC = YES;
				CLANG_WARN_BOOL_CONVERSION = YES;
				CLANG_WARN_CONSTANT_CONVERSION = YES;
				CLANG_WARN_DIRECT_OBJC_ISA_USAGE = YES_ERROR;
				CLANG_WARN_EMPTY_BODY = YES;
				CLANG_WARN_ENUM_CONVERSION = YES;
				CLANG_WARN_INT_CONVERSION = YES;
				CLANG_WARN_OBJC_ROOT_CLASS = YES_ERROR;
				CLANG_WARN_UNREACHABLE_CODE = YES;
				CLANG_WARN__DUPLICATE_METHOD_MATCH = YES;
				"CODE_SIGN_IDENTITY[sdk=iphoneos*]" = "iPhone Developer";
				COPY_PHASE_STRIP = NO;
				ENABLE_STRICT_OBJC_MSGSEND = YES;
				GCC_C_LANGUAGE_STANDARD = gnu99;
				GCC_DYNAMIC_NO_PIC = NO;
				GCC_OPTIMIZATION_LEVEL = 0;
				GCC_PREPROCESSOR_DEFINITIONS = (
					"DEBUG=1",
					"$(inherited)",
				);
				GCC_SYMBOLS_PRIVATE_EXTERN = NO;
				GCC_WARN_64_TO_32_BIT_CONVERSION = YES;
				GCC_WARN_ABOUT_RETURN_TYPE = YES_ERROR;
				GCC_WARN_UNDECLARED_SELECTOR = YES;
				GCC_WARN_UNINITIALIZED_AUTOS = YES_AGGRESSIVE;
				GCC_WARN_UNUSED_FUNCTION = YES;
				GCC_WARN_UNUSED_VARIABLE = YES;
				IPHONEOS_DEPLOYMENT_TARGET = 8.0;
				MTL_ENABLE_DEBUG_INFO = YES;
				ONLY_ACTIVE_ARCH = YES;
				SDKROOT = iphoneos;
				SWIFT_OPTIMIZATION_LEVEL = "-Onone";
			};
			name = "Debug-Staging";
		};
		BA44E4511A9BFDB400B75DF3 /* Debug-Staging */ = {
			isa = XCBuildConfiguration;
			baseConfigurationReference = F9469431E12979BC7E01C516 /* Pods.debug-staging.xcconfig */;
			buildSettings = {
				ASSETCATALOG_COMPILER_APPICON_NAME = "AppIcon-staging";
				CLANG_ENABLE_MODULES = YES;
				FRAMEWORK_SEARCH_PATHS = (
					"$(inherited)",
					"$(PROJECT_DIR)/Carthage/Build/iOS",
					"$(PROJECT_DIR)",
				);
				INFOPLIST_FILE = Snowball/Info.plist;
				LD_RUNPATH_SEARCH_PATHS = "$(inherited) @executable_path/Frameworks";
				PRODUCT_NAME = "$(TARGET_NAME)";
				SWIFT_OBJC_BRIDGING_HEADER = "$(SRCROOT)/Snowball/Snowball-Bridging-Header.h";
				SWIFT_OPTIMIZATION_LEVEL = "-Onone";
			};
			name = "Debug-Staging";
		};
		BA44E4521A9BFDB400B75DF3 /* Debug-Staging */ = {
			isa = XCBuildConfiguration;
			buildSettings = {
				BUNDLE_LOADER = "$(TEST_HOST)";
				FRAMEWORK_SEARCH_PATHS = (
					"$(SDKROOT)/Developer/Library/Frameworks",
					"$(inherited)",
				);
				GCC_PREPROCESSOR_DEFINITIONS = (
					"DEBUG=1",
					"$(inherited)",
				);
				INFOPLIST_FILE = SnowballTests/Info.plist;
				LD_RUNPATH_SEARCH_PATHS = "$(inherited) @executable_path/Frameworks @loader_path/Frameworks";
				PRODUCT_NAME = "$(TARGET_NAME)";
				TEST_HOST = "$(BUILT_PRODUCTS_DIR)/Snowball.app/Snowball";
			};
			name = "Debug-Staging";
		};
/* End XCBuildConfiguration section */

/* Begin XCConfigurationList section */
		BA38C1531A30228700A2F2AE /* Build configuration list for PBXProject "Snowball" */ = {
			isa = XCConfigurationList;
			buildConfigurations = (
				BA38C1781A30228700A2F2AE /* Debug */,
				BA44E4501A9BFDB400B75DF3 /* Debug-Staging */,
				BA38C1791A30228700A2F2AE /* Release */,
			);
			defaultConfigurationIsVisible = 0;
			defaultConfigurationName = Release;
		};
		BA38C17A1A30228700A2F2AE /* Build configuration list for PBXNativeTarget "Snowball" */ = {
			isa = XCConfigurationList;
			buildConfigurations = (
				BA38C17B1A30228700A2F2AE /* Debug */,
				BA44E4511A9BFDB400B75DF3 /* Debug-Staging */,
				BA38C17C1A30228700A2F2AE /* Release */,
			);
			defaultConfigurationIsVisible = 0;
			defaultConfigurationName = Release;
		};
		BA38C17D1A30228700A2F2AE /* Build configuration list for PBXNativeTarget "SnowballTests" */ = {
			isa = XCConfigurationList;
			buildConfigurations = (
				BA38C17E1A30228700A2F2AE /* Debug */,
				BA44E4521A9BFDB400B75DF3 /* Debug-Staging */,
				BA38C17F1A30228700A2F2AE /* Release */,
			);
			defaultConfigurationIsVisible = 0;
			defaultConfigurationName = Release;
		};
/* End XCConfigurationList section */

/* Begin XCVersionGroup section */
		BA38C15F1A30228700A2F2AE /* Snowball.xcdatamodeld */ = {
			isa = XCVersionGroup;
			children = (
				BA38C1601A30228700A2F2AE /* Snowball.xcdatamodel */,
			);
			currentVersion = BA38C1601A30228700A2F2AE /* Snowball.xcdatamodel */;
			path = Snowball.xcdatamodeld;
			sourceTree = "<group>";
			versionGroupType = wrapper.xcdatamodel;
		};
/* End XCVersionGroup section */
	};
	rootObject = BA38C1501A30228700A2F2AE /* Project object */;
}
