// !$*UTF8*$!
{
	archiveVersion = 1;
	classes = {
	};
	objectVersion = 46;
	objects = {

/* Begin PBXBuildFile section */
		BA007EB51C88054E00186A5C /* PulsingLoadingIndicatorView.swift in Sources */ = {isa = PBXBuildFile; fileRef = BA007EB41C88054E00186A5C /* PulsingLoadingIndicatorView.swift */; };
		BA0B879D1C5B16990094D6D7 /* HomeNavigationController.swift in Sources */ = {isa = PBXBuildFile; fileRef = BA0B879C1C5B16990094D6D7 /* HomeNavigationController.swift */; };
		BA0B87A11C5B17B60094D6D7 /* UINavigationBar+Transparent.swift in Sources */ = {isa = PBXBuildFile; fileRef = BA0B87A01C5B17B60094D6D7 /* UINavigationBar+Transparent.swift */; };
		BA0B87A31C5B1ECF0094D6D7 /* FriendsNavigationController.swift in Sources */ = {isa = PBXBuildFile; fileRef = BA0B87A21C5B1ECF0094D6D7 /* FriendsNavigationController.swift */; };
		BA0B87A51C5B270F0094D6D7 /* UIWindow+RootViewControllerTransition.swift in Sources */ = {isa = PBXBuildFile; fileRef = BA0B87A41C5B270F0094D6D7 /* UIWindow+RootViewControllerTransition.swift */; };
		BA0B87A71C5B298B0094D6D7 /* FriendsViewController.swift in Sources */ = {isa = PBXBuildFile; fileRef = BA0B87A61C5B298B0094D6D7 /* FriendsViewController.swift */; };
		BA0B87A91C5B2D140094D6D7 /* UINavigationBar+Height.swift in Sources */ = {isa = PBXBuildFile; fileRef = BA0B87A81C5B2D140094D6D7 /* UINavigationBar+Height.swift */; };
		BA1420D81C73E5D3007F50B9 /* UIFont+Snowball.swift in Sources */ = {isa = PBXBuildFile; fileRef = BA1420D71C73E5D3007F50B9 /* UIFont+Snowball.swift */; };
		BA1420DC1C73EDE2007F50B9 /* NSDate+TimeSince.swift in Sources */ = {isa = PBXBuildFile; fileRef = BA1420DB1C73EDE2007F50B9 /* NSDate+TimeSince.swift */; };
		BA1881111C3F5F01002202B4 /* PlayerQueueManager.swift in Sources */ = {isa = PBXBuildFile; fileRef = BA1881101C3F5F01002202B4 /* PlayerQueueManager.swift */; };
		BA1881131C3F6D09002202B4 /* LoadPlayerItemOperation.swift in Sources */ = {isa = PBXBuildFile; fileRef = BA1881121C3F6D09002202B4 /* LoadPlayerItemOperation.swift */; };
		BA1AE4EA1C6E4BC700AEEBF1 /* ClipUploadQueue.swift in Sources */ = {isa = PBXBuildFile; fileRef = BA1AE4E91C6E4BC700AEEBF1 /* ClipUploadQueue.swift */; };
		BA59956F1C4DC69100E14B6A /* Timeline.swift in Sources */ = {isa = PBXBuildFile; fileRef = BA59956E1C4DC69100E14B6A /* Timeline.swift */; };
		BA6318BB1C4DB85D00BB40AE /* UIView+HideAnimated.swift in Sources */ = {isa = PBXBuildFile; fileRef = BA6318BA1C4DB85D00BB40AE /* UIView+HideAnimated.swift */; };
		BA67BDD01C6413D900720090 /* SingleItemLoopingPlayer.swift in Sources */ = {isa = PBXBuildFile; fileRef = BA67BDCD1C6413D900720090 /* SingleItemLoopingPlayer.swift */; };
		BA67BDD11C6413D900720090 /* CameraView.swift in Sources */ = {isa = PBXBuildFile; fileRef = BA67BDCE1C6413D900720090 /* CameraView.swift */; };
		BA67BDD21C6413D900720090 /* CameraViewController.swift in Sources */ = {isa = PBXBuildFile; fileRef = BA67BDCF1C6413D900720090 /* CameraViewController.swift */; };
		BA73BCC01C1A71B400B22588 /* AppDelegate.swift in Sources */ = {isa = PBXBuildFile; fileRef = BA73BCBF1C1A71B400B22588 /* AppDelegate.swift */; };
		BA73BCC71C1A71B400B22588 /* Assets.xcassets in Resources */ = {isa = PBXBuildFile; fileRef = BA73BCC61C1A71B400B22588 /* Assets.xcassets */; };
		BA73BCCA1C1A71B400B22588 /* LaunchScreen.storyboard in Resources */ = {isa = PBXBuildFile; fileRef = BA73BCC81C1A71B400B22588 /* LaunchScreen.storyboard */; };
		BA73BCD21C1A759100B22588 /* TimelineViewController.swift in Sources */ = {isa = PBXBuildFile; fileRef = BA73BCD11C1A759100B22588 /* TimelineViewController.swift */; };
		BA73BCD41C1A766100B22588 /* TimelineCollectionView.swift in Sources */ = {isa = PBXBuildFile; fileRef = BA73BCD31C1A766100B22588 /* TimelineCollectionView.swift */; };
		BA73BCE91C1AB84F00B22588 /* Clip.swift in Sources */ = {isa = PBXBuildFile; fileRef = BA73BCE81C1AB84F00B22588 /* Clip.swift */; };
		BA89E7181C7F8AA4001AFD23 /* UIViewController+Authentication.swift in Sources */ = {isa = PBXBuildFile; fileRef = BA89E7171C7F8AA4001AFD23 /* UIViewController+Authentication.swift */; };
		BA89E71A1C7F8B3B001AFD23 /* AuthenticationNavigationController.swift in Sources */ = {isa = PBXBuildFile; fileRef = BA89E7191C7F8B3B001AFD23 /* AuthenticationNavigationController.swift */; };
		BA89E71C1C7F8DBB001AFD23 /* SignInViewController.swift in Sources */ = {isa = PBXBuildFile; fileRef = BA89E71B1C7F8DBB001AFD23 /* SignInViewController.swift */; };
		BA89E7221C7FA635001AFD23 /* TextFieldContainerView.swift in Sources */ = {isa = PBXBuildFile; fileRef = BA89E7211C7FA635001AFD23 /* TextFieldContainerView.swift */; };
		BA9410A11C1FB33500D366C5 /* Database.swift in Sources */ = {isa = PBXBuildFile; fileRef = BA9410A01C1FB33500D366C5 /* Database.swift */; };
		BA9808781C3BA01C00F86C04 /* PlayerView.swift in Sources */ = {isa = PBXBuildFile; fileRef = BA9808771C3BA01C00F86C04 /* PlayerView.swift */; };
		BA98087C1C3BA71D00F86C04 /* TimelinePlayer.swift in Sources */ = {isa = PBXBuildFile; fileRef = BA98087B1C3BA71D00F86C04 /* TimelinePlayer.swift */; };
		BA98087E1C3C1BE600F86C04 /* ClipPlayerItem.swift in Sources */ = {isa = PBXBuildFile; fileRef = BA98087D1C3C1BE600F86C04 /* ClipPlayerItem.swift */; };
		BA9A1DA31C750657008AD0E4 /* HomeTimelineViewController.swift in Sources */ = {isa = PBXBuildFile; fileRef = BA9A1DA21C750657008AD0E4 /* HomeTimelineViewController.swift */; };
		BA9A1DA51C750940008AD0E4 /* UserTimelineViewController.swift in Sources */ = {isa = PBXBuildFile; fileRef = BA9A1DA41C750940008AD0E4 /* UserTimelineViewController.swift */; };
		BA9CDC961C7FC2D0001D85F2 /* SnowballActionButton.swift in Sources */ = {isa = PBXBuildFile; fileRef = BA9CDC951C7FC2D0001D85F2 /* SnowballActionButton.swift */; };
		BAB280721C35AD8200AE098D /* UIImageView+Cache.swift in Sources */ = {isa = PBXBuildFile; fileRef = BAB280711C35AD8200AE098D /* UIImageView+Cache.swift */; };
		BAB280741C35AEE800AE098D /* Util.swift in Sources */ = {isa = PBXBuildFile; fileRef = BAB280731C35AEE800AE098D /* Util.swift */; };
		BAC2EF7B1C6C40F60020005C /* RLMObject+JSON.swift in Sources */ = {isa = PBXBuildFile; fileRef = BAC2EF7A1C6C40F60020005C /* RLMObject+JSON.swift */; };
		BAC8419A1C606CE90076CBEE /* UIViewController+Navigation.swift in Sources */ = {isa = PBXBuildFile; fileRef = BAC841991C606CE90076CBEE /* UIViewController+Navigation.swift */; };
		BACA135E1C4DF09500387C5D /* UserAvatarImageView.swift in Sources */ = {isa = PBXBuildFile; fileRef = BACA135D1C4DF09500387C5D /* UserAvatarImageView.swift */; };
		BAD677AE1C5ADD5900B41507 /* UIScrollView+PullToLoad.swift in Sources */ = {isa = PBXBuildFile; fileRef = BAD677AD1C5ADD5900B41507 /* UIScrollView+PullToLoad.swift */; };
		BAD774FD1C1DD8CF00ED1A64 /* ClipCollectionViewCell.swift in Sources */ = {isa = PBXBuildFile; fileRef = BAD774FC1C1DD8CF00ED1A64 /* ClipCollectionViewCell.swift */; };
		BAD774FF1C1DE18E00ED1A64 /* User.swift in Sources */ = {isa = PBXBuildFile; fileRef = BAD774FE1C1DE18E00ED1A64 /* User.swift */; };
		BAD775011C1DF36B00ED1A64 /* UIColor+Hex.swift in Sources */ = {isa = PBXBuildFile; fileRef = BAD775001C1DF36B00ED1A64 /* UIColor+Hex.swift */; };
		BAD775071C1DFEAB00ED1A64 /* SnowballRoute.swift in Sources */ = {isa = PBXBuildFile; fileRef = BAD775061C1DFEAB00ED1A64 /* SnowballRoute.swift */; };
		BAD775091C1DFF9200ED1A64 /* SnowballAPI.swift in Sources */ = {isa = PBXBuildFile; fileRef = BAD775081C1DFF9200ED1A64 /* SnowballAPI.swift */; };
		BAD7750D1C1E02AC00ED1A64 /* NSError+Snowball.swift in Sources */ = {isa = PBXBuildFile; fileRef = BAD7750C1C1E02AC00ED1A64 /* NSError+Snowball.swift */; };
		BAF578B11C67E317003F9404 /* UIColor+Snowball.swift in Sources */ = {isa = PBXBuildFile; fileRef = BAF578B01C67E317003F9404 /* UIColor+Snowball.swift */; };
		BAFC72171C3DC5F600D46747 /* CachedAssetResourceLoader.swift in Sources */ = {isa = PBXBuildFile; fileRef = BAFC72161C3DC5F600D46747 /* CachedAssetResourceLoader.swift */; };
		C4F6C8B4A082CFFA6494A0FC /* Pods_Snowball.framework in Frameworks */ = {isa = PBXBuildFile; fileRef = E439DA692FA84121961F5E34 /* Pods_Snowball.framework */; };
/* End PBXBuildFile section */

/* Begin PBXFileReference section */
		1CD3B92FEE9E666B662FC873 /* Pods-Snowball.debug.xcconfig */ = {isa = PBXFileReference; includeInIndex = 1; lastKnownFileType = text.xcconfig; name = "Pods-Snowball.debug.xcconfig"; path = "Pods/Target Support Files/Pods-Snowball/Pods-Snowball.debug.xcconfig"; sourceTree = "<group>"; };
		B914EA18328D882A848B32E7 /* Pods-Snowball.release.xcconfig */ = {isa = PBXFileReference; includeInIndex = 1; lastKnownFileType = text.xcconfig; name = "Pods-Snowball.release.xcconfig"; path = "Pods/Target Support Files/Pods-Snowball/Pods-Snowball.release.xcconfig"; sourceTree = "<group>"; };
		BA007EB41C88054E00186A5C /* PulsingLoadingIndicatorView.swift */ = {isa = PBXFileReference; fileEncoding = 4; lastKnownFileType = sourcecode.swift; path = PulsingLoadingIndicatorView.swift; sourceTree = "<group>"; };
		BA0B879C1C5B16990094D6D7 /* HomeNavigationController.swift */ = {isa = PBXFileReference; fileEncoding = 4; lastKnownFileType = sourcecode.swift; path = HomeNavigationController.swift; sourceTree = "<group>"; };
		BA0B87A01C5B17B60094D6D7 /* UINavigationBar+Transparent.swift */ = {isa = PBXFileReference; fileEncoding = 4; lastKnownFileType = sourcecode.swift; path = "UINavigationBar+Transparent.swift"; sourceTree = "<group>"; };
		BA0B87A21C5B1ECF0094D6D7 /* FriendsNavigationController.swift */ = {isa = PBXFileReference; fileEncoding = 4; lastKnownFileType = sourcecode.swift; path = FriendsNavigationController.swift; sourceTree = "<group>"; };
		BA0B87A41C5B270F0094D6D7 /* UIWindow+RootViewControllerTransition.swift */ = {isa = PBXFileReference; fileEncoding = 4; lastKnownFileType = sourcecode.swift; path = "UIWindow+RootViewControllerTransition.swift"; sourceTree = "<group>"; };
		BA0B87A61C5B298B0094D6D7 /* FriendsViewController.swift */ = {isa = PBXFileReference; fileEncoding = 4; lastKnownFileType = sourcecode.swift; path = FriendsViewController.swift; sourceTree = "<group>"; };
		BA0B87A81C5B2D140094D6D7 /* UINavigationBar+Height.swift */ = {isa = PBXFileReference; fileEncoding = 4; lastKnownFileType = sourcecode.swift; path = "UINavigationBar+Height.swift"; sourceTree = "<group>"; };
		BA1420D71C73E5D3007F50B9 /* UIFont+Snowball.swift */ = {isa = PBXFileReference; fileEncoding = 4; lastKnownFileType = sourcecode.swift; path = "UIFont+Snowball.swift"; sourceTree = "<group>"; };
		BA1420DB1C73EDE2007F50B9 /* NSDate+TimeSince.swift */ = {isa = PBXFileReference; fileEncoding = 4; lastKnownFileType = sourcecode.swift; path = "NSDate+TimeSince.swift"; sourceTree = "<group>"; };
		BA1881101C3F5F01002202B4 /* PlayerQueueManager.swift */ = {isa = PBXFileReference; fileEncoding = 4; lastKnownFileType = sourcecode.swift; path = PlayerQueueManager.swift; sourceTree = "<group>"; };
		BA1881121C3F6D09002202B4 /* LoadPlayerItemOperation.swift */ = {isa = PBXFileReference; fileEncoding = 4; lastKnownFileType = sourcecode.swift; path = LoadPlayerItemOperation.swift; sourceTree = "<group>"; };
		BA1AE4E91C6E4BC700AEEBF1 /* ClipUploadQueue.swift */ = {isa = PBXFileReference; fileEncoding = 4; lastKnownFileType = sourcecode.swift; path = ClipUploadQueue.swift; sourceTree = "<group>"; };
		BA59956E1C4DC69100E14B6A /* Timeline.swift */ = {isa = PBXFileReference; fileEncoding = 4; lastKnownFileType = sourcecode.swift; path = Timeline.swift; sourceTree = "<group>"; };
		BA6318BA1C4DB85D00BB40AE /* UIView+HideAnimated.swift */ = {isa = PBXFileReference; fileEncoding = 4; lastKnownFileType = sourcecode.swift; path = "UIView+HideAnimated.swift"; sourceTree = "<group>"; };
		BA67BDCD1C6413D900720090 /* SingleItemLoopingPlayer.swift */ = {isa = PBXFileReference; fileEncoding = 4; lastKnownFileType = sourcecode.swift; path = SingleItemLoopingPlayer.swift; sourceTree = "<group>"; };
		BA67BDCE1C6413D900720090 /* CameraView.swift */ = {isa = PBXFileReference; fileEncoding = 4; lastKnownFileType = sourcecode.swift; path = CameraView.swift; sourceTree = "<group>"; };
		BA67BDCF1C6413D900720090 /* CameraViewController.swift */ = {isa = PBXFileReference; fileEncoding = 4; lastKnownFileType = sourcecode.swift; path = CameraViewController.swift; sourceTree = "<group>"; };
		BA73BCBC1C1A71B400B22588 /* Snowball.app */ = {isa = PBXFileReference; explicitFileType = wrapper.application; includeInIndex = 0; path = Snowball.app; sourceTree = BUILT_PRODUCTS_DIR; };
		BA73BCBF1C1A71B400B22588 /* AppDelegate.swift */ = {isa = PBXFileReference; lastKnownFileType = sourcecode.swift; path = AppDelegate.swift; sourceTree = "<group>"; };
		BA73BCC61C1A71B400B22588 /* Assets.xcassets */ = {isa = PBXFileReference; lastKnownFileType = folder.assetcatalog; path = Assets.xcassets; sourceTree = "<group>"; };
		BA73BCC91C1A71B400B22588 /* Base */ = {isa = PBXFileReference; lastKnownFileType = file.storyboard; name = Base; path = Base.lproj/LaunchScreen.storyboard; sourceTree = "<group>"; };
		BA73BCCB1C1A71B400B22588 /* Info.plist */ = {isa = PBXFileReference; lastKnownFileType = text.plist.xml; path = Info.plist; sourceTree = "<group>"; };
		BA73BCD11C1A759100B22588 /* TimelineViewController.swift */ = {isa = PBXFileReference; fileEncoding = 4; lastKnownFileType = sourcecode.swift; path = TimelineViewController.swift; sourceTree = "<group>"; };
		BA73BCD31C1A766100B22588 /* TimelineCollectionView.swift */ = {isa = PBXFileReference; fileEncoding = 4; lastKnownFileType = sourcecode.swift; path = TimelineCollectionView.swift; sourceTree = "<group>"; };
		BA73BCE81C1AB84F00B22588 /* Clip.swift */ = {isa = PBXFileReference; fileEncoding = 4; lastKnownFileType = sourcecode.swift; path = Clip.swift; sourceTree = "<group>"; };
		BA89E7171C7F8AA4001AFD23 /* UIViewController+Authentication.swift */ = {isa = PBXFileReference; fileEncoding = 4; lastKnownFileType = sourcecode.swift; path = "UIViewController+Authentication.swift"; sourceTree = "<group>"; };
		BA89E7191C7F8B3B001AFD23 /* AuthenticationNavigationController.swift */ = {isa = PBXFileReference; fileEncoding = 4; lastKnownFileType = sourcecode.swift; path = AuthenticationNavigationController.swift; sourceTree = "<group>"; };
		BA89E71B1C7F8DBB001AFD23 /* SignInViewController.swift */ = {isa = PBXFileReference; fileEncoding = 4; lastKnownFileType = sourcecode.swift; path = SignInViewController.swift; sourceTree = "<group>"; };
		BA89E7211C7FA635001AFD23 /* TextFieldContainerView.swift */ = {isa = PBXFileReference; fileEncoding = 4; lastKnownFileType = sourcecode.swift; path = TextFieldContainerView.swift; sourceTree = "<group>"; };
		BA9410A01C1FB33500D366C5 /* Database.swift */ = {isa = PBXFileReference; fileEncoding = 4; lastKnownFileType = sourcecode.swift; path = Database.swift; sourceTree = "<group>"; };
		BA9808771C3BA01C00F86C04 /* PlayerView.swift */ = {isa = PBXFileReference; fileEncoding = 4; lastKnownFileType = sourcecode.swift; path = PlayerView.swift; sourceTree = "<group>"; };
		BA98087B1C3BA71D00F86C04 /* TimelinePlayer.swift */ = {isa = PBXFileReference; fileEncoding = 4; lastKnownFileType = sourcecode.swift; path = TimelinePlayer.swift; sourceTree = "<group>"; };
		BA98087D1C3C1BE600F86C04 /* ClipPlayerItem.swift */ = {isa = PBXFileReference; fileEncoding = 4; lastKnownFileType = sourcecode.swift; path = ClipPlayerItem.swift; sourceTree = "<group>"; };
		BA9A1DA21C750657008AD0E4 /* HomeTimelineViewController.swift */ = {isa = PBXFileReference; fileEncoding = 4; lastKnownFileType = sourcecode.swift; path = HomeTimelineViewController.swift; sourceTree = "<group>"; };
		BA9A1DA41C750940008AD0E4 /* UserTimelineViewController.swift */ = {isa = PBXFileReference; fileEncoding = 4; lastKnownFileType = sourcecode.swift; path = UserTimelineViewController.swift; sourceTree = "<group>"; };
		BA9CDC951C7FC2D0001D85F2 /* SnowballActionButton.swift */ = {isa = PBXFileReference; fileEncoding = 4; lastKnownFileType = sourcecode.swift; path = SnowballActionButton.swift; sourceTree = "<group>"; };
		BAB280711C35AD8200AE098D /* UIImageView+Cache.swift */ = {isa = PBXFileReference; fileEncoding = 4; lastKnownFileType = sourcecode.swift; path = "UIImageView+Cache.swift"; sourceTree = "<group>"; };
		BAB280731C35AEE800AE098D /* Util.swift */ = {isa = PBXFileReference; fileEncoding = 4; lastKnownFileType = sourcecode.swift; path = Util.swift; sourceTree = "<group>"; };
		BAC2EF7A1C6C40F60020005C /* RLMObject+JSON.swift */ = {isa = PBXFileReference; fileEncoding = 4; lastKnownFileType = sourcecode.swift; path = "RLMObject+JSON.swift"; sourceTree = "<group>"; };
		BAC841991C606CE90076CBEE /* UIViewController+Navigation.swift */ = {isa = PBXFileReference; fileEncoding = 4; lastKnownFileType = sourcecode.swift; path = "UIViewController+Navigation.swift"; sourceTree = "<group>"; };
		BACA135D1C4DF09500387C5D /* UserAvatarImageView.swift */ = {isa = PBXFileReference; fileEncoding = 4; lastKnownFileType = sourcecode.swift; path = UserAvatarImageView.swift; sourceTree = "<group>"; };
		BAD677AD1C5ADD5900B41507 /* UIScrollView+PullToLoad.swift */ = {isa = PBXFileReference; fileEncoding = 4; lastKnownFileType = sourcecode.swift; path = "UIScrollView+PullToLoad.swift"; sourceTree = "<group>"; };
		BAD774FC1C1DD8CF00ED1A64 /* ClipCollectionViewCell.swift */ = {isa = PBXFileReference; fileEncoding = 4; lastKnownFileType = sourcecode.swift; path = ClipCollectionViewCell.swift; sourceTree = "<group>"; };
		BAD774FE1C1DE18E00ED1A64 /* User.swift */ = {isa = PBXFileReference; fileEncoding = 4; lastKnownFileType = sourcecode.swift; path = User.swift; sourceTree = "<group>"; };
		BAD775001C1DF36B00ED1A64 /* UIColor+Hex.swift */ = {isa = PBXFileReference; fileEncoding = 4; lastKnownFileType = sourcecode.swift; path = "UIColor+Hex.swift"; sourceTree = "<group>"; };
		BAD775061C1DFEAB00ED1A64 /* SnowballRoute.swift */ = {isa = PBXFileReference; fileEncoding = 4; lastKnownFileType = sourcecode.swift; path = SnowballRoute.swift; sourceTree = "<group>"; };
		BAD775081C1DFF9200ED1A64 /* SnowballAPI.swift */ = {isa = PBXFileReference; fileEncoding = 4; lastKnownFileType = sourcecode.swift; path = SnowballAPI.swift; sourceTree = "<group>"; };
		BAD7750C1C1E02AC00ED1A64 /* NSError+Snowball.swift */ = {isa = PBXFileReference; fileEncoding = 4; lastKnownFileType = sourcecode.swift; path = "NSError+Snowball.swift"; sourceTree = "<group>"; };
		BAF578B01C67E317003F9404 /* UIColor+Snowball.swift */ = {isa = PBXFileReference; fileEncoding = 4; lastKnownFileType = sourcecode.swift; path = "UIColor+Snowball.swift"; sourceTree = "<group>"; };
		BAFC72161C3DC5F600D46747 /* CachedAssetResourceLoader.swift */ = {isa = PBXFileReference; fileEncoding = 4; lastKnownFileType = sourcecode.swift; path = CachedAssetResourceLoader.swift; sourceTree = "<group>"; };
		E439DA692FA84121961F5E34 /* Pods_Snowball.framework */ = {isa = PBXFileReference; explicitFileType = wrapper.framework; includeInIndex = 0; path = Pods_Snowball.framework; sourceTree = BUILT_PRODUCTS_DIR; };
/* End PBXFileReference section */

/* Begin PBXFrameworksBuildPhase section */
		BA73BCB91C1A71B400B22588 /* Frameworks */ = {
			isa = PBXFrameworksBuildPhase;
			buildActionMask = 2147483647;
			files = (
				C4F6C8B4A082CFFA6494A0FC /* Pods_Snowball.framework in Frameworks */,
			);
			runOnlyForDeploymentPostprocessing = 0;
		};
/* End PBXFrameworksBuildPhase section */

/* Begin PBXGroup section */
		4749079F062DB78CDDE47681 /* Frameworks */ = {
			isa = PBXGroup;
			children = (
				E439DA692FA84121961F5E34 /* Pods_Snowball.framework */,
			);
			name = Frameworks;
			sourceTree = "<group>";
		};
		BA0B879F1C5B16B30094D6D7 /* Navigation Controllers */ = {
			isa = PBXGroup;
			children = (
				BA89E7191C7F8B3B001AFD23 /* AuthenticationNavigationController.swift */,
				BA0B879C1C5B16990094D6D7 /* HomeNavigationController.swift */,
				BA0B87A21C5B1ECF0094D6D7 /* FriendsNavigationController.swift */,
			);
			name = "Navigation Controllers";
			sourceTree = "<group>";
		};
		BA2031581C863B5F002187F2 /* Player Queue Management */ = {
			isa = PBXGroup;
			children = (
				BA1881101C3F5F01002202B4 /* PlayerQueueManager.swift */,
				BA1881121C3F6D09002202B4 /* LoadPlayerItemOperation.swift */,
			);
			name = "Player Queue Management";
			sourceTree = "<group>";
		};
		BA73BCB31C1A71B300B22588 = {
			isa = PBXGroup;
			children = (
				BA73BCBE1C1A71B400B22588 /* Snowball */,
				BA73BCBD1C1A71B400B22588 /* Products */,
				F3446B6D94D5E17807DBC402 /* Pods */,
				4749079F062DB78CDDE47681 /* Frameworks */,
			);
			sourceTree = "<group>";
		};
		BA73BCBD1C1A71B400B22588 /* Products */ = {
			isa = PBXGroup;
			children = (
				BA73BCBC1C1A71B400B22588 /* Snowball.app */,
			);
			name = Products;
			sourceTree = "<group>";
		};
		BA73BCBE1C1A71B400B22588 /* Snowball */ = {
			isa = PBXGroup;
			children = (
				BA73BCBF1C1A71B400B22588 /* AppDelegate.swift */,
				BAD775051C1DFE3000ED1A64 /* Controllers */,
				BA73BCE21C1AB28300B22588 /* View Controllers */,
				BA73BCE31C1AB28D00B22588 /* Views */,
				BA73BCD91C1AA62400B22588 /* Models */,
				BAD775021C1DF63A00ED1A64 /* Extensions */,
				BA9808801C3C1C1A00F86C04 /* Misc */,
				BA73BCC61C1A71B400B22588 /* Assets.xcassets */,
				BA73BCC81C1A71B400B22588 /* LaunchScreen.storyboard */,
				BA73BCCB1C1A71B400B22588 /* Info.plist */,
			);
			path = Snowball;
			sourceTree = "<group>";
		};
		BA73BCD91C1AA62400B22588 /* Models */ = {
			isa = PBXGroup;
			children = (
				BA9410A01C1FB33500D366C5 /* Database.swift */,
				BA73BCE81C1AB84F00B22588 /* Clip.swift */,
				BAD774FE1C1DE18E00ED1A64 /* User.swift */,
			);
			name = Models;
			sourceTree = "<group>";
		};
		BA73BCE21C1AB28300B22588 /* View Controllers */ = {
			isa = PBXGroup;
			children = (
				BA0B879F1C5B16B30094D6D7 /* Navigation Controllers */,
				BA73BCD11C1A759100B22588 /* TimelineViewController.swift */,
				BA9A1DA21C750657008AD0E4 /* HomeTimelineViewController.swift */,
				BA9A1DA41C750940008AD0E4 /* UserTimelineViewController.swift */,
				BA0B87A61C5B298B0094D6D7 /* FriendsViewController.swift */,
				BA67BDCF1C6413D900720090 /* CameraViewController.swift */,
				BA89E71B1C7F8DBB001AFD23 /* SignInViewController.swift */,
			);
			name = "View Controllers";
			sourceTree = "<group>";
		};
		BA73BCE31C1AB28D00B22588 /* Views */ = {
			isa = PBXGroup;
			children = (
				BA73BCD31C1A766100B22588 /* TimelineCollectionView.swift */,
				BAD774FC1C1DD8CF00ED1A64 /* ClipCollectionViewCell.swift */,
				BACA135D1C4DF09500387C5D /* UserAvatarImageView.swift */,
				BA67BDCE1C6413D900720090 /* CameraView.swift */,
				BA89E7211C7FA635001AFD23 /* TextFieldContainerView.swift */,
				BA9CDC951C7FC2D0001D85F2 /* SnowballActionButton.swift */,
				BA007EB41C88054E00186A5C /* PulsingLoadingIndicatorView.swift */,
			);
			name = Views;
			sourceTree = "<group>";
		};
		BA98087F1C3C1C0600F86C04 /* Player */ = {
			isa = PBXGroup;
			children = (
				BA67BDCD1C6413D900720090 /* SingleItemLoopingPlayer.swift */,
				BA98087B1C3BA71D00F86C04 /* TimelinePlayer.swift */,
				BA2031581C863B5F002187F2 /* Player Queue Management */,
				BAFC72161C3DC5F600D46747 /* CachedAssetResourceLoader.swift */,
				BA98087D1C3C1BE600F86C04 /* ClipPlayerItem.swift */,
				BA9808771C3BA01C00F86C04 /* PlayerView.swift */,
			);
			name = Player;
			sourceTree = "<group>";
		};
		BA9808801C3C1C1A00F86C04 /* Misc */ = {
			isa = PBXGroup;
			children = (
				BAB280731C35AEE800AE098D /* Util.swift */,
				BA98087F1C3C1C0600F86C04 /* Player */,
				BA1AE4E91C6E4BC700AEEBF1 /* ClipUploadQueue.swift */,
			);
			name = Misc;
			sourceTree = "<group>";
		};
		BAD775021C1DF63A00ED1A64 /* Extensions */ = {
			isa = PBXGroup;
			children = (
				BAC2EF7A1C6C40F60020005C /* RLMObject+JSON.swift */,
				BAD775001C1DF36B00ED1A64 /* UIColor+Hex.swift */,
				BAD7750C1C1E02AC00ED1A64 /* NSError+Snowball.swift */,
				BAB280711C35AD8200AE098D /* UIImageView+Cache.swift */,
				BA6318BA1C4DB85D00BB40AE /* UIView+HideAnimated.swift */,
				BAD677AD1C5ADD5900B41507 /* UIScrollView+PullToLoad.swift */,
				BA0B87A01C5B17B60094D6D7 /* UINavigationBar+Transparent.swift */,
				BA1420DB1C73EDE2007F50B9 /* NSDate+TimeSince.swift */,
				BA0B87A81C5B2D140094D6D7 /* UINavigationBar+Height.swift */,
				BA0B87A41C5B270F0094D6D7 /* UIWindow+RootViewControllerTransition.swift */,
				BAC841991C606CE90076CBEE /* UIViewController+Navigation.swift */,
				BAF578B01C67E317003F9404 /* UIColor+Snowball.swift */,
				BA1420D71C73E5D3007F50B9 /* UIFont+Snowball.swift */,
				BA89E7171C7F8AA4001AFD23 /* UIViewController+Authentication.swift */,
			);
			name = Extensions;
			sourceTree = "<group>";
		};
		BAD775051C1DFE3000ED1A64 /* Controllers */ = {
			isa = PBXGroup;
			children = (
				BAD775081C1DFF9200ED1A64 /* SnowballAPI.swift */,
				BAD775061C1DFEAB00ED1A64 /* SnowballRoute.swift */,
				BA59956E1C4DC69100E14B6A /* Timeline.swift */,
			);
			name = Controllers;
			sourceTree = "<group>";
		};
		F3446B6D94D5E17807DBC402 /* Pods */ = {
			isa = PBXGroup;
			children = (
				1CD3B92FEE9E666B662FC873 /* Pods-Snowball.debug.xcconfig */,
				B914EA18328D882A848B32E7 /* Pods-Snowball.release.xcconfig */,
			);
			name = Pods;
			sourceTree = "<group>";
		};
/* End PBXGroup section */

/* Begin PBXNativeTarget section */
		BA73BCBB1C1A71B400B22588 /* Snowball */ = {
			isa = PBXNativeTarget;
			buildConfigurationList = BA73BCCE1C1A71B400B22588 /* Build configuration list for PBXNativeTarget "Snowball" */;
			buildPhases = (
				DE634769FBBAA05DD92DA1B0 /* Check Pods Manifest.lock */,
				BA73BCB81C1A71B400B22588 /* Sources */,
				BA73BCB91C1A71B400B22588 /* Frameworks */,
				BA73BCBA1C1A71B400B22588 /* Resources */,
				8540ED036E559901C3DC05AB /* Embed Pods Frameworks */,
				EB0C42C7F71D7023AE7F12BC /* Copy Pods Resources */,
			);
			buildRules = (
			);
			dependencies = (
			);
			name = Snowball;
			productName = Snowball;
			productReference = BA73BCBC1C1A71B400B22588 /* Snowball.app */;
			productType = "com.apple.product-type.application";
		};
/* End PBXNativeTarget section */

/* Begin PBXProject section */
		BA73BCB41C1A71B300B22588 /* Project object */ = {
			isa = PBXProject;
			attributes = {
				LastSwiftUpdateCheck = 0720;
				LastUpgradeCheck = 0720;
				ORGANIZATIONNAME = "Snowball, Inc.";
				TargetAttributes = {
					BA73BCBB1C1A71B400B22588 = {
						CreatedOnToolsVersion = 7.2;
					};
				};
			};
			buildConfigurationList = BA73BCB71C1A71B300B22588 /* Build configuration list for PBXProject "Snowball" */;
			compatibilityVersion = "Xcode 3.2";
			developmentRegion = English;
			hasScannedForEncodings = 0;
			knownRegions = (
				en,
				Base,
			);
			mainGroup = BA73BCB31C1A71B300B22588;
			productRefGroup = BA73BCBD1C1A71B400B22588 /* Products */;
			projectDirPath = "";
			projectRoot = "";
			targets = (
				BA73BCBB1C1A71B400B22588 /* Snowball */,
			);
		};
/* End PBXProject section */

/* Begin PBXResourcesBuildPhase section */
		BA73BCBA1C1A71B400B22588 /* Resources */ = {
			isa = PBXResourcesBuildPhase;
			buildActionMask = 2147483647;
			files = (
				BA73BCCA1C1A71B400B22588 /* LaunchScreen.storyboard in Resources */,
				BA73BCC71C1A71B400B22588 /* Assets.xcassets in Resources */,
			);
			runOnlyForDeploymentPostprocessing = 0;
		};
/* End PBXResourcesBuildPhase section */

/* Begin PBXShellScriptBuildPhase section */
		8540ED036E559901C3DC05AB /* Embed Pods Frameworks */ = {
			isa = PBXShellScriptBuildPhase;
			buildActionMask = 2147483647;
			files = (
			);
			inputPaths = (
			);
			name = "Embed Pods Frameworks";
			outputPaths = (
			);
			runOnlyForDeploymentPostprocessing = 0;
			shellPath = /bin/sh;
			shellScript = "\"${SRCROOT}/Pods/Target Support Files/Pods-Snowball/Pods-Snowball-frameworks.sh\"\n";
			showEnvVarsInLog = 0;
		};
		DE634769FBBAA05DD92DA1B0 /* Check Pods Manifest.lock */ = {
			isa = PBXShellScriptBuildPhase;
			buildActionMask = 2147483647;
			files = (
			);
			inputPaths = (
			);
			name = "Check Pods Manifest.lock";
			outputPaths = (
			);
			runOnlyForDeploymentPostprocessing = 0;
			shellPath = /bin/sh;
			shellScript = "diff \"${PODS_ROOT}/../Podfile.lock\" \"${PODS_ROOT}/Manifest.lock\" > /dev/null\nif [[ $? != 0 ]] ; then\n    cat << EOM\nerror: The sandbox is not in sync with the Podfile.lock. Run 'pod install' or update your CocoaPods installation.\nEOM\n    exit 1\nfi\n";
			showEnvVarsInLog = 0;
		};
		EB0C42C7F71D7023AE7F12BC /* Copy Pods Resources */ = {
			isa = PBXShellScriptBuildPhase;
			buildActionMask = 2147483647;
			files = (
			);
			inputPaths = (
			);
			name = "Copy Pods Resources";
			outputPaths = (
			);
			runOnlyForDeploymentPostprocessing = 0;
			shellPath = /bin/sh;
			shellScript = "\"${SRCROOT}/Pods/Target Support Files/Pods-Snowball/Pods-Snowball-resources.sh\"\n";
			showEnvVarsInLog = 0;
		};
/* End PBXShellScriptBuildPhase section */

/* Begin PBXSourcesBuildPhase section */
		BA73BCB81C1A71B400B22588 /* Sources */ = {
			isa = PBXSourcesBuildPhase;
			buildActionMask = 2147483647;
			files = (
				BA73BCC01C1A71B400B22588 /* AppDelegate.swift in Sources */,
				BAD7750D1C1E02AC00ED1A64 /* NSError+Snowball.swift in Sources */,
				BA1AE4EA1C6E4BC700AEEBF1 /* ClipUploadQueue.swift in Sources */,
				BAD775071C1DFEAB00ED1A64 /* SnowballRoute.swift in Sources */,
				BA67BDD21C6413D900720090 /* CameraViewController.swift in Sources */,
				BA9808781C3BA01C00F86C04 /* PlayerView.swift in Sources */,
				BA0B879D1C5B16990094D6D7 /* HomeNavigationController.swift in Sources */,
				BA0B87A51C5B270F0094D6D7 /* UIWindow+RootViewControllerTransition.swift in Sources */,
				BA98087C1C3BA71D00F86C04 /* TimelinePlayer.swift in Sources */,
				BA0B87A11C5B17B60094D6D7 /* UINavigationBar+Transparent.swift in Sources */,
				BA9A1DA31C750657008AD0E4 /* HomeTimelineViewController.swift in Sources */,
				BACA135E1C4DF09500387C5D /* UserAvatarImageView.swift in Sources */,
				BA007EB51C88054E00186A5C /* PulsingLoadingIndicatorView.swift in Sources */,
				BAFC72171C3DC5F600D46747 /* CachedAssetResourceLoader.swift in Sources */,
				BA6318BB1C4DB85D00BB40AE /* UIView+HideAnimated.swift in Sources */,
				BAD774FD1C1DD8CF00ED1A64 /* ClipCollectionViewCell.swift in Sources */,
				BA89E7221C7FA635001AFD23 /* TextFieldContainerView.swift in Sources */,
				BA67BDD01C6413D900720090 /* SingleItemLoopingPlayer.swift in Sources */,
				BAF578B11C67E317003F9404 /* UIColor+Snowball.swift in Sources */,
				BA89E7181C7F8AA4001AFD23 /* UIViewController+Authentication.swift in Sources */,
				BA1881111C3F5F01002202B4 /* PlayerQueueManager.swift in Sources */,
				BAD775091C1DFF9200ED1A64 /* SnowballAPI.swift in Sources */,
				BA59956F1C4DC69100E14B6A /* Timeline.swift in Sources */,
				BA0B87A31C5B1ECF0094D6D7 /* FriendsNavigationController.swift in Sources */,
				BAC8419A1C606CE90076CBEE /* UIViewController+Navigation.swift in Sources */,
				BA89E71C1C7F8DBB001AFD23 /* SignInViewController.swift in Sources */,
				BA67BDD11C6413D900720090 /* CameraView.swift in Sources */,
				BAC2EF7B1C6C40F60020005C /* RLMObject+JSON.swift in Sources */,
				BA1881131C3F6D09002202B4 /* LoadPlayerItemOperation.swift in Sources */,
				BA0B87A71C5B298B0094D6D7 /* FriendsViewController.swift in Sources */,
				BA73BCE91C1AB84F00B22588 /* Clip.swift in Sources */,
				BA1420D81C73E5D3007F50B9 /* UIFont+Snowball.swift in Sources */,
				BA9410A11C1FB33500D366C5 /* Database.swift in Sources */,
				BA0B87A91C5B2D140094D6D7 /* UINavigationBar+Height.swift in Sources */,
				BA9CDC961C7FC2D0001D85F2 /* SnowballActionButton.swift in Sources */,
				BAD775011C1DF36B00ED1A64 /* UIColor+Hex.swift in Sources */,
				BA98087E1C3C1BE600F86C04 /* ClipPlayerItem.swift in Sources */,
				BA9A1DA51C750940008AD0E4 /* UserTimelineViewController.swift in Sources */,
				BAB280721C35AD8200AE098D /* UIImageView+Cache.swift in Sources */,
				BA1420DC1C73EDE2007F50B9 /* NSDate+TimeSince.swift in Sources */,
				BAD774FF1C1DE18E00ED1A64 /* User.swift in Sources */,
				BA89E71A1C7F8B3B001AFD23 /* AuthenticationNavigationController.swift in Sources */,
				BAB280741C35AEE800AE098D /* Util.swift in Sources */,
				BAD677AE1C5ADD5900B41507 /* UIScrollView+PullToLoad.swift in Sources */,
				BA73BCD41C1A766100B22588 /* TimelineCollectionView.swift in Sources */,
				BA73BCD21C1A759100B22588 /* TimelineViewController.swift in Sources */,
			);
			runOnlyForDeploymentPostprocessing = 0;
		};
/* End PBXSourcesBuildPhase section */

/* Begin PBXVariantGroup section */
		BA73BCC81C1A71B400B22588 /* LaunchScreen.storyboard */ = {
			isa = PBXVariantGroup;
			children = (
				BA73BCC91C1A71B400B22588 /* Base */,
			);
			name = LaunchScreen.storyboard;
			sourceTree = "<group>";
		};
/* End PBXVariantGroup section */

/* Begin XCBuildConfiguration section */
		BA73BCCC1C1A71B400B22588 /* Debug */ = {
			isa = XCBuildConfiguration;
			buildSettings = {
				ALWAYS_SEARCH_USER_PATHS = NO;
				CLANG_CXX_LANGUAGE_STANDARD = "gnu++0x";
				CLANG_CXX_LIBRARY = "libc++";
				CLANG_ENABLE_MODULES = YES;
				CLANG_ENABLE_OBJC_ARC = YES;
				CLANG_WARN_BOOL_CONVERSION = YES;
				CLANG_WARN_CONSTANT_CONVERSION = YES;
				CLANG_WARN_DIRECT_OBJC_ISA_USAGE = YES_ERROR;
				CLANG_WARN_EMPTY_BODY = YES;
				CLANG_WARN_ENUM_CONVERSION = YES;
				CLANG_WARN_INT_CONVERSION = YES;
				CLANG_WARN_OBJC_ROOT_CLASS = YES_ERROR;
				CLANG_WARN_UNREACHABLE_CODE = YES;
				CLANG_WARN__DUPLICATE_METHOD_MATCH = YES;
				"CODE_SIGN_IDENTITY[sdk=iphoneos*]" = "iPhone Developer";
				COPY_PHASE_STRIP = NO;
				DEBUG_INFORMATION_FORMAT = dwarf;
				ENABLE_STRICT_OBJC_MSGSEND = YES;
				ENABLE_TESTABILITY = YES;
				GCC_C_LANGUAGE_STANDARD = gnu99;
				GCC_DYNAMIC_NO_PIC = NO;
				GCC_NO_COMMON_BLOCKS = YES;
				GCC_OPTIMIZATION_LEVEL = 0;
				GCC_PREPROCESSOR_DEFINITIONS = (
					"DEBUG=1",
					"$(inherited)",
				);
				GCC_WARN_64_TO_32_BIT_CONVERSION = YES;
				GCC_WARN_ABOUT_RETURN_TYPE = YES_ERROR;
				GCC_WARN_UNDECLARED_SELECTOR = YES;
				GCC_WARN_UNINITIALIZED_AUTOS = YES_AGGRESSIVE;
				GCC_WARN_UNUSED_FUNCTION = YES;
				GCC_WARN_UNUSED_VARIABLE = YES;
				IPHONEOS_DEPLOYMENT_TARGET = 9.2;
				MTL_ENABLE_DEBUG_INFO = YES;
				ONLY_ACTIVE_ARCH = YES;
				SDKROOT = iphoneos;
				SWIFT_OPTIMIZATION_LEVEL = "-Onone";
			};
			name = Debug;
		};
		BA73BCCD1C1A71B400B22588 /* Release */ = {
			isa = XCBuildConfiguration;
			buildSettings = {
				ALWAYS_SEARCH_USER_PATHS = NO;
				CLANG_CXX_LANGUAGE_STANDARD = "gnu++0x";
				CLANG_CXX_LIBRARY = "libc++";
				CLANG_ENABLE_MODULES = YES;
				CLANG_ENABLE_OBJC_ARC = YES;
				CLANG_WARN_BOOL_CONVERSION = YES;
				CLANG_WARN_CONSTANT_CONVERSION = YES;
				CLANG_WARN_DIRECT_OBJC_ISA_USAGE = YES_ERROR;
				CLANG_WARN_EMPTY_BODY = YES;
				CLANG_WARN_ENUM_CONVERSION = YES;
				CLANG_WARN_INT_CONVERSION = YES;
				CLANG_WARN_OBJC_ROOT_CLASS = YES_ERROR;
				CLANG_WARN_UNREACHABLE_CODE = YES;
				CLANG_WARN__DUPLICATE_METHOD_MATCH = YES;
				"CODE_SIGN_IDENTITY[sdk=iphoneos*]" = "iPhone Developer";
				COPY_PHASE_STRIP = NO;
				DEBUG_INFORMATION_FORMAT = "dwarf-with-dsym";
				ENABLE_NS_ASSERTIONS = NO;
				ENABLE_STRICT_OBJC_MSGSEND = YES;
				GCC_C_LANGUAGE_STANDARD = gnu99;
				GCC_NO_COMMON_BLOCKS = YES;
				GCC_WARN_64_TO_32_BIT_CONVERSION = YES;
				GCC_WARN_ABOUT_RETURN_TYPE = YES_ERROR;
				GCC_WARN_UNDECLARED_SELECTOR = YES;
				GCC_WARN_UNINITIALIZED_AUTOS = YES_AGGRESSIVE;
				GCC_WARN_UNUSED_FUNCTION = YES;
				GCC_WARN_UNUSED_VARIABLE = YES;
				IPHONEOS_DEPLOYMENT_TARGET = 9.2;
				MTL_ENABLE_DEBUG_INFO = NO;
				SDKROOT = iphoneos;
				VALIDATE_PRODUCT = YES;
			};
			name = Release;
		};
		BA73BCCF1C1A71B400B22588 /* Debug */ = {
			isa = XCBuildConfiguration;
			baseConfigurationReference = 1CD3B92FEE9E666B662FC873 /* Pods-Snowball.debug.xcconfig */;
			buildSettings = {
				ASSETCATALOG_COMPILER_APPICON_NAME = AppIcon;
				INFOPLIST_FILE = Snowball/Info.plist;
				IPHONEOS_DEPLOYMENT_TARGET = 8.0;
				LD_RUNPATH_SEARCH_PATHS = "$(inherited) @executable_path/Frameworks";
				PRODUCT_BUNDLE_IDENTIFIER = "is.snowball.snowball-new";
				PRODUCT_NAME = "$(TARGET_NAME)";
			};
			name = Debug;
		};
		BA73BCD01C1A71B400B22588 /* Release */ = {
			isa = XCBuildConfiguration;
			baseConfigurationReference = B914EA18328D882A848B32E7 /* Pods-Snowball.release.xcconfig */;
			buildSettings = {
				ASSETCATALOG_COMPILER_APPICON_NAME = AppIcon;
				INFOPLIST_FILE = Snowball/Info.plist;
				IPHONEOS_DEPLOYMENT_TARGET = 8.0;
				LD_RUNPATH_SEARCH_PATHS = "$(inherited) @executable_path/Frameworks";
				PRODUCT_BUNDLE_IDENTIFIER = "is.snowball.snowball-new";
				PRODUCT_NAME = "$(TARGET_NAME)";
			};
			name = Release;
		};
/* End XCBuildConfiguration section */

/* Begin XCConfigurationList section */
		BA73BCB71C1A71B300B22588 /* Build configuration list for PBXProject "Snowball" */ = {
			isa = XCConfigurationList;
			buildConfigurations = (
				BA73BCCC1C1A71B400B22588 /* Debug */,
				BA73BCCD1C1A71B400B22588 /* Release */,
			);
			defaultConfigurationIsVisible = 0;
			defaultConfigurationName = Release;
		};
		BA73BCCE1C1A71B400B22588 /* Build configuration list for PBXNativeTarget "Snowball" */ = {
			isa = XCConfigurationList;
			buildConfigurations = (
				BA73BCCF1C1A71B400B22588 /* Debug */,
				BA73BCD01C1A71B400B22588 /* Release */,
			);
			defaultConfigurationIsVisible = 0;
			defaultConfigurationName = Release;
		};
/* End XCConfigurationList section */
	};
	rootObject = BA73BCB41C1A71B300B22588 /* Project object */;
}
